// !$*UTF8*$!
{
	archiveVersion = 1;
	classes = {
	};
	objectVersion = 46;
	objects = {
/* Begin PBXBuildFile section */
		0207DA581B56EA530066E2B4 /* Images.xcassets in Resources */ = {isa = PBXBuildFile; fileRef = 0207DA571B56EA530066E2B4 /* Images.xcassets */; };
		1D3623260D0F684500981E51 /* AppDelegate.m in Sources */ = {isa = PBXBuildFile; fileRef = 1D3623250D0F684500981E51 /* AppDelegate.m */; };
		1D60589B0D05DD56006BFB54 /* main.m in Sources */ = {isa = PBXBuildFile; fileRef = 29B97316FDCFA39411CA2CEA /* main.m */; };
		301BF552109A68D80062928A /* libCordova.a in Frameworks */ = {isa = PBXBuildFile; fileRef = 301BF535109A57CC0062928A /* libCordova.a */; };
		302D95F114D2391D003F00A1 /* MainViewController.m in Sources */ = {isa = PBXBuildFile; fileRef = 302D95EF14D2391D003F00A1 /* MainViewController.m */; };
		302D95F214D2391D003F00A1 /* MainViewController.xib in Resources */ = {isa = PBXBuildFile; fileRef = 302D95F014D2391D003F00A1 /* MainViewController.xib */; };
		6AFF5BF91D6E424B00AB3073 /* CDVLaunchScreen.storyboard in Resources */ = {isa = PBXBuildFile; fileRef = 6AFF5BF81D6E424B00AB3073 /* CDVLaunchScreen.storyboard */; };
		E77A897CE57C0A134E9AA27B /* libPods-BidchatAnimationPluginCheck.a in Frameworks */ = {isa = PBXBuildFile; fileRef = CA7DB33D6724789F60C19F59 /* libPods-BidchatAnimationPluginCheck.a */; };
		DEBBF2A2E0FC4356A245964D /* BidchatAnimations.m in Sources */ = {isa = PBXBuildFile; fileRef = 99DE559301344C7C902FCB29 /* BidchatAnimations.m */; };
		5268BE9968664935B4789534 /* email.png in Resources */ = {isa = PBXBuildFile; fileRef = F7EAC31EA77F4C0D897A4602 /* email.png */; };
		2D9AB9A938284939A9C6B675 /* facebook.png in Resources */ = {isa = PBXBuildFile; fileRef = E3EBDBB4935347EF9D21C25C /* facebook.png */; };
		97C20CE6F0AF4373823FE4B7 /* google-plus.png in Resources */ = {isa = PBXBuildFile; fileRef = E70F4D87D1784D6BAC602370 /* google-plus.png */; };
		85CC20E3B4FB4E5B98C428EF /* instagram.png in Resources */ = {isa = PBXBuildFile; fileRef = 9A22C8527C164BD1987E5406 /* instagram.png */; };
		714B4B7F5C904FA6ABEF3E0B /* messages.png in Resources */ = {isa = PBXBuildFile; fileRef = EB993EFEDEB648BDB447E57D /* messages.png */; };
		DF4A5EFD729045A688A97FF2 /* twitter.png in Resources */ = {isa = PBXBuildFile; fileRef = 9CFF6442188E418A9B5800C8 /* twitter.png */; };
		51CA212756DA4EACB2320690 /* CountdownLabel.swift in Sources */ = {isa = PBXBuildFile; fileRef = EC2A819D77324BF78D784987 /* CountdownLabel.swift */; };
		56A03A6CE5C64ED4B79C555B /* Fire.png in Resources */ = {isa = PBXBuildFile; fileRef = 91117931E2E7493189AB4E5D /* Fire.png */; };
		B2AF5DBB5F2B49A39131338B /* Fragment.png in Resources */ = {isa = PBXBuildFile; fileRef = 5D24C29C5A734BD59AF381C9 /* Fragment.png */; };
		7150C9FDFCB74277A7415A0B /* Smoke.png in Resources */ = {isa = PBXBuildFile; fileRef = 375F50A2B4D940F1913374DE /* Smoke.png */; };
		1C983678A32F4CE09A84661E /* Sparkle.png in Resources */ = {isa = PBXBuildFile; fileRef = 273DD9B55D3B484487913CCC /* Sparkle.png */; };
		0F0F3AFA90C54C5B8AECCEBC /* LTCharacterDiffResult.swift in Sources */ = {isa = PBXBuildFile; fileRef = E7F65E242ECD4116AB919347 /* LTCharacterDiffResult.swift */; };
		D1ACD29563E944469A57BDA2 /* LTCharacterLimbo.swift in Sources */ = {isa = PBXBuildFile; fileRef = 29BB3B0B9715486B900BED29 /* LTCharacterLimbo.swift */; };
		CB376C89ED4A434BA58A999F /* LTEasing.swift in Sources */ = {isa = PBXBuildFile; fileRef = EEDA6396F5344080B28CD4D9 /* LTEasing.swift */; };
		0CCC8E989D5F4A1786C1D938 /* LTEmitterView.swift in Sources */ = {isa = PBXBuildFile; fileRef = FABC0D96E5F54B1586352460 /* LTEmitterView.swift */; };
		FAFA8D255CC64C7C8F0AC780 /* LTMorphingEffect.swift in Sources */ = {isa = PBXBuildFile; fileRef = 6F71F779022E4D1290A062CF /* LTMorphingEffect.swift */; };
		FA6290B9F85940F296E899B0 /* LTMorphingLabel.swift in Sources */ = {isa = PBXBuildFile; fileRef = 47D6A5EF188146CE8CFCF346 /* LTMorphingLabel.swift */; };
		710C1F0AC8B947F9A1E1FCAB /* LTMorphingLabel+Anvil.swift in Sources */ = {isa = PBXBuildFile; fileRef = CB5832AF2BF047489A304B08 /* LTMorphingLabel+Anvil.swift */; };
		FB3FFE1C33B04BD5951AB055 /* LTMorphingLabel+Burn.swift in Sources */ = {isa = PBXBuildFile; fileRef = 47973087639348429F0AE68E /* LTMorphingLabel+Burn.swift */; };
		868E00DFB7D8401FBA6B3EA0 /* LTMorphingLabel+Evaporate.swift in Sources */ = {isa = PBXBuildFile; fileRef = C5B65E7964894AE0AEA297CF /* LTMorphingLabel+Evaporate.swift */; };
		57C4B0837C0C4C6EAD66B187 /* LTMorphingLabel+Fall.swift in Sources */ = {isa = PBXBuildFile; fileRef = 93F97DB6FB714794A016FA0A /* LTMorphingLabel+Fall.swift */; };
		944391F6EBB7470283600C41 /* LTMorphingLabel+Pixelate.swift in Sources */ = {isa = PBXBuildFile; fileRef = AB3CAAE8777C41A3BF90C2DF /* LTMorphingLabel+Pixelate.swift */; };
		BD4BE6B740464D08A35F14BD /* LTMorphingLabel+Sparkle.swift in Sources */ = {isa = PBXBuildFile; fileRef = BAFEF37AE0CC4CE7BA23F133 /* LTMorphingLabel+Sparkle.swift */; };
		38B45656261E41FBB5AC5555 /* LTStringDiffResult.swift in Sources */ = {isa = PBXBuildFile; fileRef = 741A36A8AD63416BA422E416 /* LTStringDiffResult.swift */; };
		CBB3B334F63E4BFAAB3107AD /* FloatingHearts.h in Resources */ = {isa = PBXBuildFile; fileRef = 08F618D9316F4E0090A9FEDA /* FloatingHearts.h */; };
		04A9C5A80028499A8A43F69C /* HeartView.swift in Sources */ = {isa = PBXBuildFile; fileRef = 01F3B89540184A3CBB40C56B /* HeartView.swift */; };
		493E0C0B3AA84AF291DF61FD /* Helpers.swift in Sources */ = {isa = PBXBuildFile; fileRef = C8E1FAC21A6D412E97961E73 /* Helpers.swift */; };
		DA1DAC1F15A4474D8637699B /* heart.png in Resources */ = {isa = PBXBuildFile; fileRef = 3061C4AB2EA149EDAC75F97E /* heart.png */; };
		7455A7C8231840E59E5A57FB /* like.png in Resources */ = {isa = PBXBuildFile; fileRef = A3539E0323554CB9810FE8AA /* like.png */; };
		DED840A65CA14F239D057BA0 /* QuartzCore.framework in Frameworks */ = {isa = PBXBuildFile; fileRef = BD4894A5FF9D44DA97C7A0BD /* QuartzCore.framework */; };
/* End PBXBuildFile section */

/* Begin PBXContainerItemProxy section */
		301BF534109A57CC0062928A /* PBXContainerItemProxy */ = {
			isa = PBXContainerItemProxy;
			containerPortal = 301BF52D109A57CC0062928A /* CordovaLib.xcodeproj */;
			proxyType = 2;
			remoteGlobalIDString = D2AAC07E0554694100DB518D;
			remoteInfo = CordovaLib;
		};
		301BF550109A68C00062928A /* PBXContainerItemProxy */ = {
			isa = PBXContainerItemProxy;
			containerPortal = 301BF52D109A57CC0062928A /* CordovaLib.xcodeproj */;
			proxyType = 1;
			remoteGlobalIDString = D2AAC07D0554694100DB518D;
			remoteInfo = CordovaLib;
		};
/* End PBXContainerItemProxy section */

/* Begin PBXFileReference section */
		0207DA571B56EA530066E2B4 /* Images.xcassets */ = {isa = PBXFileReference; lastKnownFileType = folder.assetcatalog; name = Images.xcassets; path = BidchatAnimationPluginCheck/Images.xcassets; sourceTree = SOURCE_ROOT; };
		1D3623240D0F684500981E51 /* AppDelegate.h */ = {isa = PBXFileReference; fileEncoding = 4; lastKnownFileType = sourcecode.c.h; path = AppDelegate.h; sourceTree = "<group>"; };
		1D3623250D0F684500981E51 /* AppDelegate.m */ = {isa = PBXFileReference; fileEncoding = 4; lastKnownFileType = sourcecode.c.objc; path = AppDelegate.m; sourceTree = "<group>"; };
		1D6058910D05DD3D006BFB54 /* BidchatAnimationPluginCheck.app */ = {isa = PBXFileReference; explicitFileType = wrapper.application; includeInIndex = 0; path = BidchatAnimationPluginCheck.app; sourceTree = BUILT_PRODUCTS_DIR; };
		29B97316FDCFA39411CA2CEA /* main.m */ = {isa = PBXFileReference; fileEncoding = 4; lastKnownFileType = sourcecode.c.objc; path = main.m; sourceTree = "<group>"; };
		301BF52D109A57CC0062928A /* CordovaLib.xcodeproj */ = {isa = PBXFileReference; lastKnownFileType = "wrapper.pb-project"; name = CordovaLib.xcodeproj; path = CordovaLib/CordovaLib.xcodeproj; sourceTree = "<group>"; };
		301BF56E109A69640062928A /* www */ = {isa = PBXFileReference; lastKnownFileType = folder; path = www; sourceTree = SOURCE_ROOT; };
		302D95EE14D2391D003F00A1 /* MainViewController.h */ = {isa = PBXFileReference; fileEncoding = 4; lastKnownFileType = sourcecode.c.h; path = MainViewController.h; sourceTree = "<group>"; };
		302D95EF14D2391D003F00A1 /* MainViewController.m */ = {isa = PBXFileReference; fileEncoding = 4; lastKnownFileType = sourcecode.c.objc; path = MainViewController.m; sourceTree = "<group>"; };
		302D95F014D2391D003F00A1 /* MainViewController.xib */ = {isa = PBXFileReference; fileEncoding = 4; lastKnownFileType = file.xib; path = MainViewController.xib; sourceTree = "<group>"; };
		3047A50F1AB8059700498E2A /* build-debug.xcconfig */ = {isa = PBXFileReference; fileEncoding = 4; lastKnownFileType = text.xcconfig; name = "build-debug.xcconfig"; path = "cordova/build-debug.xcconfig"; sourceTree = SOURCE_ROOT; };
		3047A5101AB8059700498E2A /* build-release.xcconfig */ = {isa = PBXFileReference; fileEncoding = 4; lastKnownFileType = text.xcconfig; name = "build-release.xcconfig"; path = "cordova/build-release.xcconfig"; sourceTree = SOURCE_ROOT; };
		3047A5111AB8059700498E2A /* build.xcconfig */ = {isa = PBXFileReference; fileEncoding = 4; lastKnownFileType = text.xcconfig; name = build.xcconfig; path = cordova/build.xcconfig; sourceTree = SOURCE_ROOT; };
		32CA4F630368D1EE00C91783 /* BidchatAnimationPluginCheck-Prefix.pch */ = {isa = PBXFileReference; fileEncoding = 4; lastKnownFileType = sourcecode.c.h; path = "BidchatAnimationPluginCheck-Prefix.pch"; sourceTree = "<group>"; };
		6AFF5BF81D6E424B00AB3073 /* CDVLaunchScreen.storyboard */ = {isa = PBXFileReference; fileEncoding = 4; lastKnownFileType = file.storyboard; name = CDVLaunchScreen.storyboard; path = BidchatAnimationPluginCheck/CDVLaunchScreen.storyboard; sourceTree = SOURCE_ROOT; };
		8D1107310486CEB800E47090 /* BidchatAnimationPluginCheck-Info.plist */ = {isa = PBXFileReference; fileEncoding = 4; lastKnownFileType = text.plist.xml; name = "BidchatAnimationPluginCheck-Info.plist"; path = "BidchatAnimationPluginCheck/BidchatAnimationPluginCheck-Info.plist"; plistStructureDefinitionIdentifier = "com.apple.xcode.plist.structure-definition.iphone.info-plist"; sourceTree = SOURCE_ROOT; };
		CA7DB33D6724789F60C19F59 /* libPods-BidchatAnimationPluginCheck.a */ = {isa = PBXFileReference; explicitFileType = archive.ar; includeInIndex = 0; path = "libPods-BidchatAnimationPluginCheck.a"; sourceTree = BUILT_PRODUCTS_DIR; };
		EB87FDF31871DA8E0020F90C /* www */ = {isa = PBXFileReference; lastKnownFileType = folder; name = www; path = ../../www; sourceTree = "<group>"; };
		EB87FDF41871DAF40020F90C /* config.xml */ = {isa = PBXFileReference; lastKnownFileType = text.xml; name = config.xml; path = ../../config.xml; sourceTree = "<group>"; };
		ED33DF2A687741AEAF9F8254 /* Bridging-Header.h */ = {isa = PBXFileReference; fileEncoding = 4; lastKnownFileType = sourcecode.c.h; path = "Bridging-Header.h"; sourceTree = "<group>"; };
		F840E1F0165FE0F500CFE078 /* config.xml */ = {isa = PBXFileReference; lastKnownFileType = text.xml; name = config.xml; path = BidchatAnimationPluginCheck/config.xml; sourceTree = "<group>"; };
		99DE559301344C7C902FCB29 /* BidchatAnimations.m */ = {isa = PBXFileReference; name = "BidchatAnimations.m"; path = "bidchat-plugin-animations/BidchatAnimations.m"; sourceTree = "<group>"; fileEncoding = 4; lastKnownFileType = sourcecode.c.objc; explicitFileType = undefined; includeInIndex = 0; };
		F7EAC31EA77F4C0D897A4602 /* email.png */ = {isa = PBXFileReference; name = "email.png"; path = "bidchat-plugin-animations/resource/email.png"; sourceTree = "<group>"; fileEncoding = undefined; lastKnownFileType = unknown; explicitFileType = undefined; includeInIndex = 0; };
		E3EBDBB4935347EF9D21C25C /* facebook.png */ = {isa = PBXFileReference; name = "facebook.png"; path = "bidchat-plugin-animations/resource/facebook.png"; sourceTree = "<group>"; fileEncoding = undefined; lastKnownFileType = unknown; explicitFileType = undefined; includeInIndex = 0; };
		E70F4D87D1784D6BAC602370 /* google-plus.png */ = {isa = PBXFileReference; name = "google-plus.png"; path = "bidchat-plugin-animations/resource/google-plus.png"; sourceTree = "<group>"; fileEncoding = undefined; lastKnownFileType = unknown; explicitFileType = undefined; includeInIndex = 0; };
		9A22C8527C164BD1987E5406 /* instagram.png */ = {isa = PBXFileReference; name = "instagram.png"; path = "bidchat-plugin-animations/resource/instagram.png"; sourceTree = "<group>"; fileEncoding = undefined; lastKnownFileType = unknown; explicitFileType = undefined; includeInIndex = 0; };
		EB993EFEDEB648BDB447E57D /* messages.png */ = {isa = PBXFileReference; name = "messages.png"; path = "bidchat-plugin-animations/resource/messages.png"; sourceTree = "<group>"; fileEncoding = undefined; lastKnownFileType = unknown; explicitFileType = undefined; includeInIndex = 0; };
		9CFF6442188E418A9B5800C8 /* twitter.png */ = {isa = PBXFileReference; name = "twitter.png"; path = "bidchat-plugin-animations/resource/twitter.png"; sourceTree = "<group>"; fileEncoding = undefined; lastKnownFileType = unknown; explicitFileType = undefined; includeInIndex = 0; };
		EC2A819D77324BF78D784987 /* CountdownLabel.swift */ = {isa = PBXFileReference; name = "CountdownLabel.swift"; path = "bidchat-plugin-animations/CountdownLabel.swift"; sourceTree = "<group>"; fileEncoding = 4; lastKnownFileType = sourcecode.swift; explicitFileType = undefined; includeInIndex = 0; };
		91117931E2E7493189AB4E5D /* Fire.png */ = {isa = PBXFileReference; name = "Fire.png"; path = "bidchat-plugin-animations/LTMorphingLabel/Particles/Fire.png"; sourceTree = "<group>"; fileEncoding = undefined; lastKnownFileType = unknown; explicitFileType = undefined; includeInIndex = 0; };
		5D24C29C5A734BD59AF381C9 /* Fragment.png */ = {isa = PBXFileReference; name = "Fragment.png"; path = "bidchat-plugin-animations/LTMorphingLabel/Particles/Fragment.png"; sourceTree = "<group>"; fileEncoding = undefined; lastKnownFileType = unknown; explicitFileType = undefined; includeInIndex = 0; };
		375F50A2B4D940F1913374DE /* Smoke.png */ = {isa = PBXFileReference; name = "Smoke.png"; path = "bidchat-plugin-animations/LTMorphingLabel/Particles/Smoke.png"; sourceTree = "<group>"; fileEncoding = undefined; lastKnownFileType = unknown; explicitFileType = undefined; includeInIndex = 0; };
		273DD9B55D3B484487913CCC /* Sparkle.png */ = {isa = PBXFileReference; name = "Sparkle.png"; path = "bidchat-plugin-animations/LTMorphingLabel/Particles/Sparkle.png"; sourceTree = "<group>"; fileEncoding = undefined; lastKnownFileType = unknown; explicitFileType = undefined; includeInIndex = 0; };
		E7F65E242ECD4116AB919347 /* LTCharacterDiffResult.swift */ = {isa = PBXFileReference; name = "LTCharacterDiffResult.swift"; path = "bidchat-plugin-animations/LTMorphingLabel/LTCharacterDiffResult.swift"; sourceTree = "<group>"; fileEncoding = 4; lastKnownFileType = sourcecode.swift; explicitFileType = undefined; includeInIndex = 0; };
		29BB3B0B9715486B900BED29 /* LTCharacterLimbo.swift */ = {isa = PBXFileReference; name = "LTCharacterLimbo.swift"; path = "bidchat-plugin-animations/LTMorphingLabel/LTCharacterLimbo.swift"; sourceTree = "<group>"; fileEncoding = 4; lastKnownFileType = sourcecode.swift; explicitFileType = undefined; includeInIndex = 0; };
		EEDA6396F5344080B28CD4D9 /* LTEasing.swift */ = {isa = PBXFileReference; name = "LTEasing.swift"; path = "bidchat-plugin-animations/LTMorphingLabel/LTEasing.swift"; sourceTree = "<group>"; fileEncoding = 4; lastKnownFileType = sourcecode.swift; explicitFileType = undefined; includeInIndex = 0; };
		FABC0D96E5F54B1586352460 /* LTEmitterView.swift */ = {isa = PBXFileReference; name = "LTEmitterView.swift"; path = "bidchat-plugin-animations/LTMorphingLabel/LTEmitterView.swift"; sourceTree = "<group>"; fileEncoding = 4; lastKnownFileType = sourcecode.swift; explicitFileType = undefined; includeInIndex = 0; };
		6F71F779022E4D1290A062CF /* LTMorphingEffect.swift */ = {isa = PBXFileReference; name = "LTMorphingEffect.swift"; path = "bidchat-plugin-animations/LTMorphingLabel/LTMorphingEffect.swift"; sourceTree = "<group>"; fileEncoding = 4; lastKnownFileType = sourcecode.swift; explicitFileType = undefined; includeInIndex = 0; };
		47D6A5EF188146CE8CFCF346 /* LTMorphingLabel.swift */ = {isa = PBXFileReference; name = "LTMorphingLabel.swift"; path = "bidchat-plugin-animations/LTMorphingLabel/LTMorphingLabel.swift"; sourceTree = "<group>"; fileEncoding = 4; lastKnownFileType = sourcecode.swift; explicitFileType = undefined; includeInIndex = 0; };
		CB5832AF2BF047489A304B08 /* LTMorphingLabel+Anvil.swift */ = {isa = PBXFileReference; name = "LTMorphingLabel+Anvil.swift"; path = "bidchat-plugin-animations/LTMorphingLabel/LTMorphingLabel+Anvil.swift"; sourceTree = "<group>"; fileEncoding = 4; lastKnownFileType = sourcecode.swift; explicitFileType = undefined; includeInIndex = 0; };
		47973087639348429F0AE68E /* LTMorphingLabel+Burn.swift */ = {isa = PBXFileReference; name = "LTMorphingLabel+Burn.swift"; path = "bidchat-plugin-animations/LTMorphingLabel/LTMorphingLabel+Burn.swift"; sourceTree = "<group>"; fileEncoding = 4; lastKnownFileType = sourcecode.swift; explicitFileType = undefined; includeInIndex = 0; };
		C5B65E7964894AE0AEA297CF /* LTMorphingLabel+Evaporate.swift */ = {isa = PBXFileReference; name = "LTMorphingLabel+Evaporate.swift"; path = "bidchat-plugin-animations/LTMorphingLabel/LTMorphingLabel+Evaporate.swift"; sourceTree = "<group>"; fileEncoding = 4; lastKnownFileType = sourcecode.swift; explicitFileType = undefined; includeInIndex = 0; };
		93F97DB6FB714794A016FA0A /* LTMorphingLabel+Fall.swift */ = {isa = PBXFileReference; name = "LTMorphingLabel+Fall.swift"; path = "bidchat-plugin-animations/LTMorphingLabel/LTMorphingLabel+Fall.swift"; sourceTree = "<group>"; fileEncoding = 4; lastKnownFileType = sourcecode.swift; explicitFileType = undefined; includeInIndex = 0; };
		AB3CAAE8777C41A3BF90C2DF /* LTMorphingLabel+Pixelate.swift */ = {isa = PBXFileReference; name = "LTMorphingLabel+Pixelate.swift"; path = "bidchat-plugin-animations/LTMorphingLabel/LTMorphingLabel+Pixelate.swift"; sourceTree = "<group>"; fileEncoding = 4; lastKnownFileType = sourcecode.swift; explicitFileType = undefined; includeInIndex = 0; };
		BAFEF37AE0CC4CE7BA23F133 /* LTMorphingLabel+Sparkle.swift */ = {isa = PBXFileReference; name = "LTMorphingLabel+Sparkle.swift"; path = "bidchat-plugin-animations/LTMorphingLabel/LTMorphingLabel+Sparkle.swift"; sourceTree = "<group>"; fileEncoding = 4; lastKnownFileType = sourcecode.swift; explicitFileType = undefined; includeInIndex = 0; };
		741A36A8AD63416BA422E416 /* LTStringDiffResult.swift */ = {isa = PBXFileReference; name = "LTStringDiffResult.swift"; path = "bidchat-plugin-animations/LTMorphingLabel/LTStringDiffResult.swift"; sourceTree = "<group>"; fileEncoding = 4; lastKnownFileType = sourcecode.swift; explicitFileType = undefined; includeInIndex = 0; };
		08F618D9316F4E0090A9FEDA /* FloatingHearts.h */ = {isa = PBXFileReference; name = "FloatingHearts.h"; path = "bidchat-plugin-animations/FloatingHearts/FloatingHearts.h"; sourceTree = "<group>"; fileEncoding = 4; lastKnownFileType = sourcecode.c.h; explicitFileType = undefined; includeInIndex = 0; };
		01F3B89540184A3CBB40C56B /* HeartView.swift */ = {isa = PBXFileReference; name = "HeartView.swift"; path = "bidchat-plugin-animations/FloatingHearts/HeartView.swift"; sourceTree = "<group>"; fileEncoding = 4; lastKnownFileType = sourcecode.swift; explicitFileType = undefined; includeInIndex = 0; };
		C8E1FAC21A6D412E97961E73 /* Helpers.swift */ = {isa = PBXFileReference; name = "Helpers.swift"; path = "bidchat-plugin-animations/FloatingHearts/Helpers.swift"; sourceTree = "<group>"; fileEncoding = 4; lastKnownFileType = sourcecode.swift; explicitFileType = undefined; includeInIndex = 0; };
		3061C4AB2EA149EDAC75F97E /* heart.png */ = {isa = PBXFileReference; name = "heart.png"; path = "bidchat-plugin-animations/FloatingHearts/heart.png"; sourceTree = "<group>"; fileEncoding = undefined; lastKnownFileType = unknown; explicitFileType = undefined; includeInIndex = 0; };
		A3539E0323554CB9810FE8AA /* like.png */ = {isa = PBXFileReference; name = "like.png"; path = "bidchat-plugin-animations/FloatingHearts/like.png"; sourceTree = "<group>"; fileEncoding = undefined; lastKnownFileType = unknown; explicitFileType = undefined; includeInIndex = 0; };
		DF697E4D02444ED9B867352E /* LTMorphingLabel.h */ = {isa = PBXFileReference; name = "LTMorphingLabel.h"; path = "bidchat-plugin-animations/LTMorphingLabel/LTMorphingLabel.h"; sourceTree = "<group>"; fileEncoding = 4; lastKnownFileType = sourcecode.c.h; explicitFileType = undefined; includeInIndex = 0; };
		BD4894A5FF9D44DA97C7A0BD /* QuartzCore.framework */ = {isa = PBXFileReference; name = "QuartzCore.framework"; path = "System/Library/Frameworks/QuartzCore.framework"; sourceTree = SDKROOT; fileEncoding = undefined; lastKnownFileType = wrapper.framework; explicitFileType = undefined; includeInIndex = 0; };
/* End PBXFileReference section */

/* Begin PBXFrameworksBuildPhase section */
		1D60588F0D05DD3D006BFB54 /* Frameworks */ = {
			isa = PBXFrameworksBuildPhase;
			buildActionMask = 2147483647;
			files = (
				301BF552109A68D80062928A /* libCordova.a in Frameworks */,
				E77A897CE57C0A134E9AA27B /* libPods-BidchatAnimationPluginCheck.a in Frameworks */,
				DED840A65CA14F239D057BA0 /* QuartzCore.framework in Frameworks */,
			);
			runOnlyForDeploymentPostprocessing = 0;
		};
/* End PBXFrameworksBuildPhase section */

/* Begin PBXGroup section */
		080E96DDFE201D6D7F000001 /* Classes */ = {
			isa = PBXGroup;
			children = (
				302D95EE14D2391D003F00A1 /* MainViewController.h */,
				302D95EF14D2391D003F00A1 /* MainViewController.m */,
				302D95F014D2391D003F00A1 /* MainViewController.xib */,
				1D3623240D0F684500981E51 /* AppDelegate.h */,
				1D3623250D0F684500981E51 /* AppDelegate.m */,
			);
			name = Classes;
			path = BidchatAnimationPluginCheck/Classes;
			sourceTree = SOURCE_ROOT;
		};
		19C28FACFE9D520D11CA2CBB /* Products */ = {
			isa = PBXGroup;
			children = (
				1D6058910D05DD3D006BFB54 /* BidchatAnimationPluginCheck.app */,
			);
			name = Products;
			sourceTree = "<group>";
		};
		29B97314FDCFA39411CA2CEA /* CustomTemplate */ = {
			isa = PBXGroup;
			children = (
				EB87FDF41871DAF40020F90C /* config.xml */,
				EB87FDF31871DA8E0020F90C /* www */,
				EB87FDF11871DA420020F90C /* Staging */,
				301BF52D109A57CC0062928A /* CordovaLib.xcodeproj */,
				080E96DDFE201D6D7F000001 /* Classes */,
				307C750510C5A3420062BCA9 /* Plugins */,
				29B97315FDCFA39411CA2CEA /* Other Sources */,
				29B97317FDCFA39411CA2CEA /* Resources */,
				29B97323FDCFA39411CA2CEA /* Frameworks */,
				19C28FACFE9D520D11CA2CBB /* Products */,
				C45EC5B83DF6E0395D8AF39E /* Pods */,
			);
			name = CustomTemplate;
			sourceTree = "<group>";
		};
		29B97315FDCFA39411CA2CEA /* Other Sources */ = {
			isa = PBXGroup;
			children = (
				32CA4F630368D1EE00C91783 /* BidchatAnimationPluginCheck-Prefix.pch */,
				29B97316FDCFA39411CA2CEA /* main.m */,
				ED33DF2A687741AEAF9F8254 /* Bridging-Header.h */,
			);
			name = "Other Sources";
			path = BidchatAnimationPluginCheck;
			sourceTree = "<group>";
		};
		29B97317FDCFA39411CA2CEA /* Resources */ = {
			isa = PBXGroup;
			children = (
				0207DA571B56EA530066E2B4 /* Images.xcassets */,
				3047A50E1AB8057F00498E2A /* config */,
				8D1107310486CEB800E47090 /* BidchatAnimationPluginCheck-Info.plist */,
				6AFF5BF81D6E424B00AB3073 /* CDVLaunchScreen.storyboard */,
			);
			name = Resources;
			path = BidchatAnimationPluginCheck/Resources;
			sourceTree = "<group>";
		};
		29B97323FDCFA39411CA2CEA /* Frameworks */ = {
			isa = PBXGroup;
			children = (
				CA7DB33D6724789F60C19F59 /* libPods-BidchatAnimationPluginCheck.a */,
				BD4894A5FF9D44DA97C7A0BD /* QuartzCore.framework */,
			);
			name = Frameworks;
			sourceTree = "<group>";
		};
		301BF52E109A57CC0062928A /* Products */ = {
			isa = PBXGroup;
			children = (
				301BF535109A57CC0062928A /* libCordova.a */,
			);
			name = Products;
			sourceTree = "<group>";
		};
		3047A50E1AB8057F00498E2A /* config */ = {
			isa = PBXGroup;
			children = (
				3047A50F1AB8059700498E2A /* build-debug.xcconfig */,
				3047A5101AB8059700498E2A /* build-release.xcconfig */,
				3047A5111AB8059700498E2A /* build.xcconfig */,
			);
			name = config;
			sourceTree = "<group>";
		};
		307C750510C5A3420062BCA9 /* Plugins */ = {
			isa = PBXGroup;
			children = (
				99DE559301344C7C902FCB29 /* BidchatAnimations.m */,
				F7EAC31EA77F4C0D897A4602 /* email.png */,
				E3EBDBB4935347EF9D21C25C /* facebook.png */,
				E70F4D87D1784D6BAC602370 /* google-plus.png */,
				9A22C8527C164BD1987E5406 /* instagram.png */,
				EB993EFEDEB648BDB447E57D /* messages.png */,
				9CFF6442188E418A9B5800C8 /* twitter.png */,
				EC2A819D77324BF78D784987 /* CountdownLabel.swift */,
				91117931E2E7493189AB4E5D /* Fire.png */,
				5D24C29C5A734BD59AF381C9 /* Fragment.png */,
				375F50A2B4D940F1913374DE /* Smoke.png */,
				273DD9B55D3B484487913CCC /* Sparkle.png */,
				E7F65E242ECD4116AB919347 /* LTCharacterDiffResult.swift */,
				29BB3B0B9715486B900BED29 /* LTCharacterLimbo.swift */,
				EEDA6396F5344080B28CD4D9 /* LTEasing.swift */,
				FABC0D96E5F54B1586352460 /* LTEmitterView.swift */,
				6F71F779022E4D1290A062CF /* LTMorphingEffect.swift */,
				47D6A5EF188146CE8CFCF346 /* LTMorphingLabel.swift */,
				CB5832AF2BF047489A304B08 /* LTMorphingLabel+Anvil.swift */,
				47973087639348429F0AE68E /* LTMorphingLabel+Burn.swift */,
				C5B65E7964894AE0AEA297CF /* LTMorphingLabel+Evaporate.swift */,
				93F97DB6FB714794A016FA0A /* LTMorphingLabel+Fall.swift */,
				AB3CAAE8777C41A3BF90C2DF /* LTMorphingLabel+Pixelate.swift */,
				BAFEF37AE0CC4CE7BA23F133 /* LTMorphingLabel+Sparkle.swift */,
				741A36A8AD63416BA422E416 /* LTStringDiffResult.swift */,
				08F618D9316F4E0090A9FEDA /* FloatingHearts.h */,
				01F3B89540184A3CBB40C56B /* HeartView.swift */,
				C8E1FAC21A6D412E97961E73 /* Helpers.swift */,
				3061C4AB2EA149EDAC75F97E /* heart.png */,
				A3539E0323554CB9810FE8AA /* like.png */,
				DF697E4D02444ED9B867352E /* LTMorphingLabel.h */,
			);
			name = Plugins;
			path = BidchatAnimationPluginCheck/Plugins;
			sourceTree = SOURCE_ROOT;
		};
		C45EC5B83DF6E0395D8AF39E /* Pods */ = {
			isa = PBXGroup;
			children = (
			);
			name = Pods;
			sourceTree = "<group>";
		};
		EB87FDF11871DA420020F90C /* Staging */ = {
			isa = PBXGroup;
			children = (
				F840E1F0165FE0F500CFE078 /* config.xml */,
				301BF56E109A69640062928A /* www */,
			);
			name = Staging;
			sourceTree = "<group>";
		};
/* End PBXGroup section */

/* Begin PBXNativeTarget section */
		1D6058900D05DD3D006BFB54 /* BidchatAnimationPluginCheck */ = {
			isa = PBXNativeTarget;
			buildConfigurationList = 1D6058960D05DD3E006BFB54 /* Build configuration list for PBXNativeTarget "BidchatAnimationPluginCheck" */;
			buildPhases = (
				9825D964D053D8999668B58C /* [CP] Check Pods Manifest.lock */,
				304B58A110DAC018002A0835 /* Copy www directory */,
				1D60588D0D05DD3D006BFB54 /* Resources */,
				1D60588E0D05DD3D006BFB54 /* Sources */,
				1D60588F0D05DD3D006BFB54 /* Frameworks */,
				3C9D3A559E51D0EF60092EC4 /* [CP] Embed Pods Frameworks */,
				79E281726D06A7B414A8556E /* [CP] Copy Pods Resources */,
			);
			buildRules = (
			);
			dependencies = (
				301BF551109A68C00062928A /* PBXTargetDependency */,
			);
			name = BidchatAnimationPluginCheck;
			productName = BidchatAnimationPluginCheck;
			productReference = 1D6058910D05DD3D006BFB54 /* BidchatAnimationPluginCheck.app */;
			productType = "com.apple.product-type.application";
		};
/* End PBXNativeTarget section */

/* Begin PBXProject section */
		29B97313FDCFA39411CA2CEA /* Project object */ = {
			isa = PBXProject;
			attributes = {
				LastUpgradeCheck = 510;
				TargetAttributes = {
					1D6058900D05DD3D006BFB54 = {
						DevelopmentTeam = 3553G4H8G3;
					};
				};
			};
			buildConfigurationList = C01FCF4E08A954540054247B /* Build configuration list for PBXProject "BidchatAnimationPluginCheck" */;
			compatibilityVersion = "Xcode 3.2";
			developmentRegion = English;
			hasScannedForEncodings = 1;
			knownRegions = (
				en,
			);
			mainGroup = 29B97314FDCFA39411CA2CEA /* CustomTemplate */;
			productRefGroup = 19C28FACFE9D520D11CA2CBB /* Products */;
			projectDirPath = "";
			projectReferences = (
				{
					ProductGroup = 301BF52E109A57CC0062928A /* Products */;
					ProjectRef = 301BF52D109A57CC0062928A /* CordovaLib.xcodeproj */;
				},
			);
			projectRoot = "";
			targets = (
				1D6058900D05DD3D006BFB54 /* BidchatAnimationPluginCheck */,
			);
		};
/* End PBXProject section */

/* Begin PBXReferenceProxy section */
		301BF535109A57CC0062928A /* libCordova.a */ = {
			isa = PBXReferenceProxy;
			fileType = archive.ar;
			path = libCordova.a;
			remoteRef = 301BF534109A57CC0062928A /* PBXContainerItemProxy */;
			sourceTree = BUILT_PRODUCTS_DIR;
		};
/* End PBXReferenceProxy section */

/* Begin PBXResourcesBuildPhase section */
		1D60588D0D05DD3D006BFB54 /* Resources */ = {
			isa = PBXResourcesBuildPhase;
			buildActionMask = 2147483647;
			files = (
				302D95F214D2391D003F00A1 /* MainViewController.xib in Resources */,
				0207DA581B56EA530066E2B4 /* Images.xcassets in Resources */,
				6AFF5BF91D6E424B00AB3073 /* CDVLaunchScreen.storyboard in Resources */,
			);
			runOnlyForDeploymentPostprocessing = 0;
		};
/* End PBXResourcesBuildPhase section */

/* Begin PBXShellScriptBuildPhase section */
		304B58A110DAC018002A0835 /* Copy www directory */ = {
			isa = PBXShellScriptBuildPhase;
			buildActionMask = 2147483647;
			files = (
			);
			inputPaths = (
			);
			name = "Copy www directory";
			outputPaths = (
			);
			runOnlyForDeploymentPostprocessing = 0;
			shellPath = /bin/sh;
			shellScript = "NODEJS_PATH=/usr/local/bin; NVM_NODE_PATH=~/.nvm/versions/node/`nvm version 2>/dev/null`/bin; N_NODE_PATH=`find /usr/local/n/versions/node/* -maxdepth 0 -type d 2>/dev/null | tail -1`/bin; XCODE_NODE_PATH=`xcode-select --print-path`/usr/share/xcs/Node/bin; PATH=$NODEJS_PATH:$NVM_NODE_PATH:$N_NODE_PATH:$XCODE_NODE_PATH:$PATH && node cordova/lib/copy-www-build-step.js";
			showEnvVarsInLog = 0;
		};
		3C9D3A559E51D0EF60092EC4 /* [CP] Embed Pods Frameworks */ = {
			isa = PBXShellScriptBuildPhase;
			buildActionMask = 2147483647;
			files = (
			);
			inputPaths = (
			);
			name = "[CP] Embed Pods Frameworks";
			outputPaths = (
			);
			runOnlyForDeploymentPostprocessing = 0;
			shellPath = /bin/sh;
			shellScript = "\"${SRCROOT}/Pods/Target Support Files/Pods-BidchatAnimationPluginCheck/Pods-BidchatAnimationPluginCheck-frameworks.sh\"\n";
			showEnvVarsInLog = 0;
		};
		79E281726D06A7B414A8556E /* [CP] Copy Pods Resources */ = {
			isa = PBXShellScriptBuildPhase;
			buildActionMask = 2147483647;
			files = (
			);
			inputPaths = (
			);
			name = "[CP] Copy Pods Resources";
			outputPaths = (
			);
			runOnlyForDeploymentPostprocessing = 0;
			shellPath = /bin/sh;
			shellScript = "\"${SRCROOT}/Pods/Target Support Files/Pods-BidchatAnimationPluginCheck/Pods-BidchatAnimationPluginCheck-resources.sh\"\n";
			showEnvVarsInLog = 0;
		};
		9825D964D053D8999668B58C /* [CP] Check Pods Manifest.lock */ = {
			isa = PBXShellScriptBuildPhase;
			buildActionMask = 2147483647;
			files = (
			);
			inputPaths = (
			);
			name = "[CP] Check Pods Manifest.lock";
			outputPaths = (
			);
			runOnlyForDeploymentPostprocessing = 0;
			shellPath = /bin/sh;
			shellScript = "diff \"${PODS_ROOT}/../Podfile.lock\" \"${PODS_ROOT}/Manifest.lock\" > /dev/null\nif [ $? != 0 ] ; then\n    # print error to STDERR\n    echo \"error: The sandbox is not in sync with the Podfile.lock. Run 'pod install' or update your CocoaPods installation.\" >&2\n    exit 1\nfi\n";
			showEnvVarsInLog = 0;
		};
/* End PBXShellScriptBuildPhase section */

/* Begin PBXSourcesBuildPhase section */
		1D60588E0D05DD3D006BFB54 /* Sources */ = {
			isa = PBXSourcesBuildPhase;
			buildActionMask = 2147483647;
			files = (
				1D60589B0D05DD56006BFB54 /* main.m in Sources */,
				1D3623260D0F684500981E51 /* AppDelegate.m in Sources */,
				302D95F114D2391D003F00A1 /* MainViewController.m in Sources */,
				DEBBF2A2E0FC4356A245964D /* BidchatAnimations.m in Sources */,
				5268BE9968664935B4789534 /* email.png in Resources */,
				2D9AB9A938284939A9C6B675 /* facebook.png in Resources */,
				97C20CE6F0AF4373823FE4B7 /* google-plus.png in Resources */,
				85CC20E3B4FB4E5B98C428EF /* instagram.png in Resources */,
				714B4B7F5C904FA6ABEF3E0B /* messages.png in Resources */,
				DF4A5EFD729045A688A97FF2 /* twitter.png in Resources */,
				51CA212756DA4EACB2320690 /* CountdownLabel.swift in Sources */,
				56A03A6CE5C64ED4B79C555B /* Fire.png in Resources */,
				B2AF5DBB5F2B49A39131338B /* Fragment.png in Resources */,
				7150C9FDFCB74277A7415A0B /* Smoke.png in Resources */,
				1C983678A32F4CE09A84661E /* Sparkle.png in Resources */,
				0F0F3AFA90C54C5B8AECCEBC /* LTCharacterDiffResult.swift in Sources */,
				D1ACD29563E944469A57BDA2 /* LTCharacterLimbo.swift in Sources */,
				CB376C89ED4A434BA58A999F /* LTEasing.swift in Sources */,
				0CCC8E989D5F4A1786C1D938 /* LTEmitterView.swift in Sources */,
				FAFA8D255CC64C7C8F0AC780 /* LTMorphingEffect.swift in Sources */,
				FA6290B9F85940F296E899B0 /* LTMorphingLabel.swift in Sources */,
				710C1F0AC8B947F9A1E1FCAB /* LTMorphingLabel+Anvil.swift in Sources */,
				FB3FFE1C33B04BD5951AB055 /* LTMorphingLabel+Burn.swift in Sources */,
				868E00DFB7D8401FBA6B3EA0 /* LTMorphingLabel+Evaporate.swift in Sources */,
				57C4B0837C0C4C6EAD66B187 /* LTMorphingLabel+Fall.swift in Sources */,
				944391F6EBB7470283600C41 /* LTMorphingLabel+Pixelate.swift in Sources */,
				BD4BE6B740464D08A35F14BD /* LTMorphingLabel+Sparkle.swift in Sources */,
				38B45656261E41FBB5AC5555 /* LTStringDiffResult.swift in Sources */,
				CBB3B334F63E4BFAAB3107AD /* FloatingHearts.h in Resources */,
				04A9C5A80028499A8A43F69C /* HeartView.swift in Sources */,
				493E0C0B3AA84AF291DF61FD /* Helpers.swift in Sources */,
				DA1DAC1F15A4474D8637699B /* heart.png in Resources */,
				7455A7C8231840E59E5A57FB /* like.png in Resources */,
			);
			runOnlyForDeploymentPostprocessing = 0;
		};
/* End PBXSourcesBuildPhase section */

/* Begin PBXTargetDependency section */
		301BF551109A68C00062928A /* PBXTargetDependency */ = {
			isa = PBXTargetDependency;
			name = CordovaLib;
			targetProxy = 301BF550109A68C00062928A /* PBXContainerItemProxy */;
		};
/* End PBXTargetDependency section */

/* Begin XCBuildConfiguration section */
		1D6058940D05DD3E006BFB54 /* Debug */ = {
			isa = XCBuildConfiguration;
			baseConfigurationReference = 3047A50F1AB8059700498E2A /* build-debug.xcconfig */;
			buildSettings = {
				ALWAYS_EMBED_SWIFT_STANDARD_LIBRARIES = YES;
				ALWAYS_SEARCH_USER_PATHS = NO;
				ASSETCATALOG_COMPILER_APPICON_NAME = AppIcon;
				ASSETCATALOG_COMPILER_LAUNCHIMAGE_NAME = LaunchImage;
				CLANG_ENABLE_MODULES = YES;
				CLANG_ENABLE_OBJC_ARC = YES;
				COPY_PHASE_STRIP = NO;
				DEFINES_MODULE = YES;
				DEVELOPMENT_TEAM = 3553G4H8G3;
				GCC_DYNAMIC_NO_PIC = NO;
				GCC_OPTIMIZATION_LEVEL = 0;
				GCC_PRECOMPILE_PREFIX_HEADER = YES;
				GCC_PREFIX_HEADER = "BidchatAnimationPluginCheck/BidchatAnimationPluginCheck-Prefix.pch";
				GCC_THUMB_SUPPORT = NO;
				GCC_VERSION = "";
				INFOPLIST_FILE = "BidchatAnimationPluginCheck/BidchatAnimationPluginCheck-Info.plist";
				IPHONEOS_DEPLOYMENT_TARGET = 8.0;
				LD_RUNPATH_SEARCH_PATHS = "@executable_path/Frameworks";
				PRODUCT_MODULE_NAME = BidchatiOSApp;
				PRODUCT_NAME = BidchatAnimationPluginCheck;
				SWIFT_OBJC_BRIDGING_HEADER = "$(PROJECT_DIR)/$(PROJECT_NAME)/Bridging-Header.h";
				SWIFT_VERSION = 2.3;
				TARGETED_DEVICE_FAMILY = "1,2";
			};
			name = Debug;
		};
		1D6058950D05DD3E006BFB54 /* Release */ = {
			isa = XCBuildConfiguration;
			baseConfigurationReference = 3047A5101AB8059700498E2A /* build-release.xcconfig */;
			buildSettings = {
				ALWAYS_EMBED_SWIFT_STANDARD_LIBRARIES = YES;
				ALWAYS_SEARCH_USER_PATHS = NO;
				ASSETCATALOG_COMPILER_APPICON_NAME = AppIcon;
				ASSETCATALOG_COMPILER_LAUNCHIMAGE_NAME = LaunchImage;
				CLANG_ENABLE_MODULES = YES;
				CLANG_ENABLE_OBJC_ARC = YES;
				COPY_PHASE_STRIP = YES;
				DEFINES_MODULE = YES;
				DEVELOPMENT_TEAM = 3553G4H8G3;
				GCC_PRECOMPILE_PREFIX_HEADER = YES;
				GCC_PREFIX_HEADER = "BidchatAnimationPluginCheck/BidchatAnimationPluginCheck-Prefix.pch";
				GCC_THUMB_SUPPORT = NO;
				GCC_VERSION = "";
				INFOPLIST_FILE = "BidchatAnimationPluginCheck/BidchatAnimationPluginCheck-Info.plist";
				IPHONEOS_DEPLOYMENT_TARGET = 8.0;
				LD_RUNPATH_SEARCH_PATHS = "@executable_path/Frameworks";
				PRODUCT_MODULE_NAME = BidchatiOSApp;
				PRODUCT_NAME = BidchatAnimationPluginCheck;
				SWIFT_OBJC_BRIDGING_HEADER = "$(PROJECT_DIR)/$(PROJECT_NAME)/Bridging-Header.h";
				SWIFT_VERSION = 2.3;
				TARGETED_DEVICE_FAMILY = "1,2";
			};
			name = Release;
		};
		C01FCF4F08A954540054247B /* Debug */ = {
			isa = XCBuildConfiguration;
			baseConfigurationReference = 3047A5111AB8059700498E2A /* build.xcconfig */;
			buildSettings = {
				ALWAYS_EMBED_SWIFT_STANDARD_LIBRARIES = YES;
				CLANG_ENABLE_MODULES = YES;
				CLANG_ENABLE_OBJC_ARC = YES;
				CLANG_WARN_BOOL_CONVERSION = YES;
				CLANG_WARN_CONSTANT_CONVERSION = YES;
				CLANG_WARN_EMPTY_BODY = YES;
				CLANG_WARN_ENUM_CONVERSION = YES;
				CLANG_WARN_INT_CONVERSION = YES;
				CLANG_WARN__DUPLICATE_METHOD_MATCH = YES;
				GCC_C_LANGUAGE_STANDARD = c99;
				GCC_THUMB_SUPPORT = NO;
				GCC_VERSION = "";
				GCC_WARN_ABOUT_RETURN_TYPE = YES;
				GCC_WARN_UNDECLARED_SELECTOR = YES;
				GCC_WARN_UNINITIALIZED_AUTOS = YES;
				GCC_WARN_UNUSED_FUNCTION = YES;
				GCC_WARN_UNUSED_VARIABLE = YES;
				ONLY_ACTIVE_ARCH = YES;
				SDKROOT = iphoneos;
				SKIP_INSTALL = NO;
				SWIFT_OBJC_BRIDGING_HEADER = "$(PROJECT_DIR)/$(PROJECT_NAME)/Bridging-Header.h";
				SWIFT_VERSION = 3.0;
			};
			name = Debug;
		};
		C01FCF5008A954540054247B /* Release */ = {
			isa = XCBuildConfiguration;
			baseConfigurationReference = 3047A5111AB8059700498E2A /* build.xcconfig */;
			buildSettings = {
				ALWAYS_EMBED_SWIFT_STANDARD_LIBRARIES = YES;
				CLANG_ENABLE_MODULES = YES;
				CLANG_ENABLE_OBJC_ARC = YES;
				CLANG_WARN_BOOL_CONVERSION = YES;
				CLANG_WARN_CONSTANT_CONVERSION = YES;
				CLANG_WARN_EMPTY_BODY = YES;
				CLANG_WARN_ENUM_CONVERSION = YES;
				CLANG_WARN_INT_CONVERSION = YES;
				CLANG_WARN__DUPLICATE_METHOD_MATCH = YES;
				GCC_C_LANGUAGE_STANDARD = c99;
				GCC_THUMB_SUPPORT = NO;
				GCC_VERSION = "";
				GCC_WARN_ABOUT_RETURN_TYPE = YES;
				GCC_WARN_UNDECLARED_SELECTOR = YES;
				GCC_WARN_UNINITIALIZED_AUTOS = YES;
				GCC_WARN_UNUSED_FUNCTION = YES;
				GCC_WARN_UNUSED_VARIABLE = YES;
				SDKROOT = iphoneos;
				SKIP_INSTALL = NO;
				SWIFT_OBJC_BRIDGING_HEADER = "$(PROJECT_DIR)/$(PROJECT_NAME)/Bridging-Header.h";
				SWIFT_VERSION = 3.0;
			};
			name = Release;
		};
/* End XCBuildConfiguration section */

/* Begin XCConfigurationList section */
		1D6058960D05DD3E006BFB54 /* Build configuration list for PBXNativeTarget "BidchatAnimationPluginCheck" */ = {
			isa = XCConfigurationList;
			buildConfigurations = (
				1D6058940D05DD3E006BFB54 /* Debug */,
				1D6058950D05DD3E006BFB54 /* Release */,
			);
			defaultConfigurationIsVisible = 0;
			defaultConfigurationName = Release;
		};
		C01FCF4E08A954540054247B /* Build configuration list for PBXProject "BidchatAnimationPluginCheck" */ = {
			isa = XCConfigurationList;
			buildConfigurations = (
				C01FCF4F08A954540054247B /* Debug */,
				C01FCF5008A954540054247B /* Release */,
			);
			defaultConfigurationIsVisible = 0;
			defaultConfigurationName = Release;
		};
/* End XCConfigurationList section */
	};
	rootObject = 29B97313FDCFA39411CA2CEA /* Project object */;
}
