// !$*UTF8*$!
{
	archiveVersion = 1;
	classes = {
	};
	objectVersion = 46;
	objects = {
/* Begin PBXBuildFile section */
		0207DA581B56EA530066E2B4 /* Images.xcassets in Resources */ = {isa = PBXBuildFile; fileRef = 0207DA571B56EA530066E2B4 /* Images.xcassets */; };
		1D3623260D0F684500981E51 /* AppDelegate.m in Sources */ = {isa = PBXBuildFile; fileRef = 1D3623250D0F684500981E51 /* AppDelegate.m */; };
		1D60589B0D05DD56006BFB54 /* main.m in Sources */ = {isa = PBXBuildFile; fileRef = 29B97316FDCFA39411CA2CEA /* main.m */; };
		301BF552109A68D80062928A /* libCordova.a in Frameworks */ = {isa = PBXBuildFile; fileRef = 301BF535109A57CC0062928A /* libCordova.a */; };
		302D95F114D2391D003F00A1 /* MainViewController.m in Sources */ = {isa = PBXBuildFile; fileRef = 302D95EF14D2391D003F00A1 /* MainViewController.m */; };
		302D95F214D2391D003F00A1 /* MainViewController.xib in Resources */ = {isa = PBXBuildFile; fileRef = 302D95F014D2391D003F00A1 /* MainViewController.xib */; };
		6AFF5BF91D6E424B00AB3073 /* CDVLaunchScreen.storyboard in Resources */ = {isa = PBXBuildFile; fileRef = 6AFF5BF81D6E424B00AB3073 /* CDVLaunchScreen.storyboard */; };
		E77A897CE57C0A134E9AA27B /* libPods-BidchatAnimationPluginCheck.a in Frameworks */ = {isa = PBXBuildFile; fileRef = CA7DB33D6724789F60C19F59 /* libPods-BidchatAnimationPluginCheck.a */; };
		30FAA6493B3B40C4AF8AE60B /* BidchatAnimations.m in Sources */ = {isa = PBXBuildFile; fileRef = 7A94B21BD0654F339FCB329F /* BidchatAnimations.m */; };
		B01774F667AB41328E181033 /* email.png in Resources */ = {isa = PBXBuildFile; fileRef = 79327D223A7A4A4BBF4E9356 /* email.png */; };
		FDF558DD6A194D66B2A70744 /* facebook.png in Resources */ = {isa = PBXBuildFile; fileRef = 4BD5B1D6C642424B861F1E19 /* facebook.png */; };
		3A3E6C54F72B482B98E18B9D /* google-plus.png in Resources */ = {isa = PBXBuildFile; fileRef = 34546CB9F2C0455EAD77EF54 /* google-plus.png */; };
		B89085FF05454993B3D73098 /* instagram.png in Resources */ = {isa = PBXBuildFile; fileRef = 38F84AA433854D5984C78D9A /* instagram.png */; };
		7AB7DA7ED31B484D8460D587 /* messages.png in Resources */ = {isa = PBXBuildFile; fileRef = 20B58E64705B4B0DA77D9169 /* messages.png */; };
		920FD679F6934D20B3E80A83 /* twitter.png in Resources */ = {isa = PBXBuildFile; fileRef = F1190FD92AA24966ABBB1C05 /* twitter.png */; };
		F5B3574EAD3847358B5E15D6 /* CountdownLabel.swift in Sources */ = {isa = PBXBuildFile; fileRef = 8F224B916F0F406FAAE46C96 /* CountdownLabel.swift */; };
		767078A201BE473EB85373DB /* Fire.png in Resources */ = {isa = PBXBuildFile; fileRef = D28D91BE76FE4032B58ECB2A /* Fire.png */; };
		72FE4C56EC754878943F8612 /* Fragment.png in Resources */ = {isa = PBXBuildFile; fileRef = A5A82B9A6D9943A0BF1CCF84 /* Fragment.png */; };
		DFCDE4F92A01483AB5FEA175 /* Smoke.png in Resources */ = {isa = PBXBuildFile; fileRef = 814D27A2658F412B959C28FD /* Smoke.png */; };
		E1C1242CB69D4E39B35DF8CE /* Sparkle.png in Resources */ = {isa = PBXBuildFile; fileRef = 28AC6ACBB9F44B8EBD8E91CD /* Sparkle.png */; };
		FFC560CD39254D6697121D54 /* LTCharacterDiffResult.swift in Sources */ = {isa = PBXBuildFile; fileRef = 6AD0B0BFE352461EBAC3BDB9 /* LTCharacterDiffResult.swift */; };
		FBE3129E5DF744C395875831 /* LTCharacterLimbo.swift in Sources */ = {isa = PBXBuildFile; fileRef = 8D062CE87A0E43C0937DB34B /* LTCharacterLimbo.swift */; };
		6A87FD3EA2834E7B9F70F0EE /* LTEasing.swift in Sources */ = {isa = PBXBuildFile; fileRef = 3D3868412B67408799E719B6 /* LTEasing.swift */; };
		B4234F854A984F64B116F1C8 /* LTEmitterView.swift in Sources */ = {isa = PBXBuildFile; fileRef = 4FDF1EB3EECB4474837AAAF2 /* LTEmitterView.swift */; };
		AB0F259DAA344F1F90564B32 /* LTMorphingEffect.swift in Sources */ = {isa = PBXBuildFile; fileRef = D145FFF969BD4EACB863390E /* LTMorphingEffect.swift */; };
		8F589390787C4ADDBBD81B74 /* LTMorphingLabel.swift in Sources */ = {isa = PBXBuildFile; fileRef = 7691A826421141A09A51B4CB /* LTMorphingLabel.swift */; };
		3D14999A1A9F4BDD8A50234C /* LTMorphingLabel+Anvil.swift in Sources */ = {isa = PBXBuildFile; fileRef = 80C118CA235D4BF7A68835CE /* LTMorphingLabel+Anvil.swift */; };
		EB6C4753671141C8815041D1 /* LTMorphingLabel+Burn.swift in Sources */ = {isa = PBXBuildFile; fileRef = 856F1AE47040411EAF537ECB /* LTMorphingLabel+Burn.swift */; };
		CBF080306121436FB112ECA2 /* LTMorphingLabel+Evaporate.swift in Sources */ = {isa = PBXBuildFile; fileRef = DAFF2A0F5A974A83A6202CF2 /* LTMorphingLabel+Evaporate.swift */; };
		1770AF0612184119BD7B11BD /* LTMorphingLabel+Fall.swift in Sources */ = {isa = PBXBuildFile; fileRef = 8A36B8D0BC9549A996CF25B0 /* LTMorphingLabel+Fall.swift */; };
		971F0F52BBDF41EEB8901D29 /* LTMorphingLabel+Pixelate.swift in Sources */ = {isa = PBXBuildFile; fileRef = 43E8EA0A53164E1BAF6C15B5 /* LTMorphingLabel+Pixelate.swift */; };
		D859DEEC616F40EEA1AC474B /* LTMorphingLabel+Sparkle.swift in Sources */ = {isa = PBXBuildFile; fileRef = 1915032D4D3D40E495857CDB /* LTMorphingLabel+Sparkle.swift */; };
		11BD62B42CCE4CC2A1F03C72 /* LTStringDiffResult.swift in Sources */ = {isa = PBXBuildFile; fileRef = CF440269F3E7476ABD859231 /* LTStringDiffResult.swift */; };
		BAA1847270B647B0964493F1 /* QuartzCore.framework in Frameworks */ = {isa = PBXBuildFile; fileRef = 607538F494834921AA5CBF2A /* QuartzCore.framework */; };
/* End PBXBuildFile section */

/* Begin PBXContainerItemProxy section */
		301BF534109A57CC0062928A /* PBXContainerItemProxy */ = {
			isa = PBXContainerItemProxy;
			containerPortal = 301BF52D109A57CC0062928A /* CordovaLib.xcodeproj */;
			proxyType = 2;
			remoteGlobalIDString = D2AAC07E0554694100DB518D;
			remoteInfo = CordovaLib;
		};
		301BF550109A68C00062928A /* PBXContainerItemProxy */ = {
			isa = PBXContainerItemProxy;
			containerPortal = 301BF52D109A57CC0062928A /* CordovaLib.xcodeproj */;
			proxyType = 1;
			remoteGlobalIDString = D2AAC07D0554694100DB518D;
			remoteInfo = CordovaLib;
		};
/* End PBXContainerItemProxy section */

/* Begin PBXFileReference section */
		0207DA571B56EA530066E2B4 /* Images.xcassets */ = {isa = PBXFileReference; lastKnownFileType = folder.assetcatalog; name = Images.xcassets; path = BidchatAnimationPluginCheck/Images.xcassets; sourceTree = SOURCE_ROOT; };
		1D3623240D0F684500981E51 /* AppDelegate.h */ = {isa = PBXFileReference; fileEncoding = 4; lastKnownFileType = sourcecode.c.h; path = AppDelegate.h; sourceTree = "<group>"; };
		1D3623250D0F684500981E51 /* AppDelegate.m */ = {isa = PBXFileReference; fileEncoding = 4; lastKnownFileType = sourcecode.c.objc; path = AppDelegate.m; sourceTree = "<group>"; };
		1D6058910D05DD3D006BFB54 /* BidchatAnimationPluginCheck.app */ = {isa = PBXFileReference; explicitFileType = wrapper.application; includeInIndex = 0; path = BidchatAnimationPluginCheck.app; sourceTree = BUILT_PRODUCTS_DIR; };
		29B97316FDCFA39411CA2CEA /* main.m */ = {isa = PBXFileReference; fileEncoding = 4; lastKnownFileType = sourcecode.c.objc; path = main.m; sourceTree = "<group>"; };
		301BF52D109A57CC0062928A /* CordovaLib.xcodeproj */ = {isa = PBXFileReference; lastKnownFileType = "wrapper.pb-project"; name = CordovaLib.xcodeproj; path = CordovaLib/CordovaLib.xcodeproj; sourceTree = "<group>"; };
		301BF56E109A69640062928A /* www */ = {isa = PBXFileReference; lastKnownFileType = folder; path = www; sourceTree = SOURCE_ROOT; };
		302D95EE14D2391D003F00A1 /* MainViewController.h */ = {isa = PBXFileReference; fileEncoding = 4; lastKnownFileType = sourcecode.c.h; path = MainViewController.h; sourceTree = "<group>"; };
		302D95EF14D2391D003F00A1 /* MainViewController.m */ = {isa = PBXFileReference; fileEncoding = 4; lastKnownFileType = sourcecode.c.objc; path = MainViewController.m; sourceTree = "<group>"; };
		302D95F014D2391D003F00A1 /* MainViewController.xib */ = {isa = PBXFileReference; fileEncoding = 4; lastKnownFileType = file.xib; path = MainViewController.xib; sourceTree = "<group>"; };
		3047A50F1AB8059700498E2A /* build-debug.xcconfig */ = {isa = PBXFileReference; fileEncoding = 4; lastKnownFileType = text.xcconfig; name = "build-debug.xcconfig"; path = "cordova/build-debug.xcconfig"; sourceTree = SOURCE_ROOT; };
		3047A5101AB8059700498E2A /* build-release.xcconfig */ = {isa = PBXFileReference; fileEncoding = 4; lastKnownFileType = text.xcconfig; name = "build-release.xcconfig"; path = "cordova/build-release.xcconfig"; sourceTree = SOURCE_ROOT; };
		3047A5111AB8059700498E2A /* build.xcconfig */ = {isa = PBXFileReference; fileEncoding = 4; lastKnownFileType = text.xcconfig; name = build.xcconfig; path = cordova/build.xcconfig; sourceTree = SOURCE_ROOT; };
		32CA4F630368D1EE00C91783 /* BidchatAnimationPluginCheck-Prefix.pch */ = {isa = PBXFileReference; fileEncoding = 4; lastKnownFileType = sourcecode.c.h; path = "BidchatAnimationPluginCheck-Prefix.pch"; sourceTree = "<group>"; };
		6AFF5BF81D6E424B00AB3073 /* CDVLaunchScreen.storyboard */ = {isa = PBXFileReference; fileEncoding = 4; lastKnownFileType = file.storyboard; name = CDVLaunchScreen.storyboard; path = BidchatAnimationPluginCheck/CDVLaunchScreen.storyboard; sourceTree = SOURCE_ROOT; };
		8D1107310486CEB800E47090 /* BidchatAnimationPluginCheck-Info.plist */ = {isa = PBXFileReference; fileEncoding = 4; lastKnownFileType = text.plist.xml; name = "BidchatAnimationPluginCheck-Info.plist"; path = "BidchatAnimationPluginCheck/BidchatAnimationPluginCheck-Info.plist"; plistStructureDefinitionIdentifier = "com.apple.xcode.plist.structure-definition.iphone.info-plist"; sourceTree = SOURCE_ROOT; };
		CA7DB33D6724789F60C19F59 /* libPods-BidchatAnimationPluginCheck.a */ = {isa = PBXFileReference; explicitFileType = archive.ar; includeInIndex = 0; path = "libPods-BidchatAnimationPluginCheck.a"; sourceTree = BUILT_PRODUCTS_DIR; };
		EB87FDF31871DA8E0020F90C /* www */ = {isa = PBXFileReference; lastKnownFileType = folder; name = www; path = ../../www; sourceTree = "<group>"; };
		EB87FDF41871DAF40020F90C /* config.xml */ = {isa = PBXFileReference; lastKnownFileType = text.xml; name = config.xml; path = ../../config.xml; sourceTree = "<group>"; };
		ED33DF2A687741AEAF9F8254 /* Bridging-Header.h */ = {isa = PBXFileReference; fileEncoding = 4; lastKnownFileType = sourcecode.c.h; path = "Bridging-Header.h"; sourceTree = "<group>"; };
		F840E1F0165FE0F500CFE078 /* config.xml */ = {isa = PBXFileReference; lastKnownFileType = text.xml; name = config.xml; path = BidchatAnimationPluginCheck/config.xml; sourceTree = "<group>"; };
		7A94B21BD0654F339FCB329F /* BidchatAnimations.m */ = {isa = PBXFileReference; name = "BidchatAnimations.m"; path = "bidchat-plugin-animations/BidchatAnimations.m"; sourceTree = "<group>"; fileEncoding = 4; lastKnownFileType = sourcecode.c.objc; explicitFileType = undefined; includeInIndex = 0; };
		79327D223A7A4A4BBF4E9356 /* email.png */ = {isa = PBXFileReference; name = "email.png"; path = "bidchat-plugin-animations/resource/email.png"; sourceTree = "<group>"; fileEncoding = undefined; lastKnownFileType = unknown; explicitFileType = undefined; includeInIndex = 0; };
		4BD5B1D6C642424B861F1E19 /* facebook.png */ = {isa = PBXFileReference; name = "facebook.png"; path = "bidchat-plugin-animations/resource/facebook.png"; sourceTree = "<group>"; fileEncoding = undefined; lastKnownFileType = unknown; explicitFileType = undefined; includeInIndex = 0; };
		34546CB9F2C0455EAD77EF54 /* google-plus.png */ = {isa = PBXFileReference; name = "google-plus.png"; path = "bidchat-plugin-animations/resource/google-plus.png"; sourceTree = "<group>"; fileEncoding = undefined; lastKnownFileType = unknown; explicitFileType = undefined; includeInIndex = 0; };
		38F84AA433854D5984C78D9A /* instagram.png */ = {isa = PBXFileReference; name = "instagram.png"; path = "bidchat-plugin-animations/resource/instagram.png"; sourceTree = "<group>"; fileEncoding = undefined; lastKnownFileType = unknown; explicitFileType = undefined; includeInIndex = 0; };
		20B58E64705B4B0DA77D9169 /* messages.png */ = {isa = PBXFileReference; name = "messages.png"; path = "bidchat-plugin-animations/resource/messages.png"; sourceTree = "<group>"; fileEncoding = undefined; lastKnownFileType = unknown; explicitFileType = undefined; includeInIndex = 0; };
		F1190FD92AA24966ABBB1C05 /* twitter.png */ = {isa = PBXFileReference; name = "twitter.png"; path = "bidchat-plugin-animations/resource/twitter.png"; sourceTree = "<group>"; fileEncoding = undefined; lastKnownFileType = unknown; explicitFileType = undefined; includeInIndex = 0; };
		8F224B916F0F406FAAE46C96 /* CountdownLabel.swift */ = {isa = PBXFileReference; name = "CountdownLabel.swift"; path = "bidchat-plugin-animations/CountdownLabel.swift"; sourceTree = "<group>"; fileEncoding = 4; lastKnownFileType = sourcecode.swift; explicitFileType = undefined; includeInIndex = 0; };
		D28D91BE76FE4032B58ECB2A /* Fire.png */ = {isa = PBXFileReference; name = "Fire.png"; path = "bidchat-plugin-animations/LTMorphingLabel/Particles/Fire.png"; sourceTree = "<group>"; fileEncoding = undefined; lastKnownFileType = unknown; explicitFileType = undefined; includeInIndex = 0; };
		A5A82B9A6D9943A0BF1CCF84 /* Fragment.png */ = {isa = PBXFileReference; name = "Fragment.png"; path = "bidchat-plugin-animations/LTMorphingLabel/Particles/Fragment.png"; sourceTree = "<group>"; fileEncoding = undefined; lastKnownFileType = unknown; explicitFileType = undefined; includeInIndex = 0; };
		814D27A2658F412B959C28FD /* Smoke.png */ = {isa = PBXFileReference; name = "Smoke.png"; path = "bidchat-plugin-animations/LTMorphingLabel/Particles/Smoke.png"; sourceTree = "<group>"; fileEncoding = undefined; lastKnownFileType = unknown; explicitFileType = undefined; includeInIndex = 0; };
		28AC6ACBB9F44B8EBD8E91CD /* Sparkle.png */ = {isa = PBXFileReference; name = "Sparkle.png"; path = "bidchat-plugin-animations/LTMorphingLabel/Particles/Sparkle.png"; sourceTree = "<group>"; fileEncoding = undefined; lastKnownFileType = unknown; explicitFileType = undefined; includeInIndex = 0; };
		6AD0B0BFE352461EBAC3BDB9 /* LTCharacterDiffResult.swift */ = {isa = PBXFileReference; name = "LTCharacterDiffResult.swift"; path = "bidchat-plugin-animations/LTMorphingLabel/LTCharacterDiffResult.swift"; sourceTree = "<group>"; fileEncoding = 4; lastKnownFileType = sourcecode.swift; explicitFileType = undefined; includeInIndex = 0; };
		8D062CE87A0E43C0937DB34B /* LTCharacterLimbo.swift */ = {isa = PBXFileReference; name = "LTCharacterLimbo.swift"; path = "bidchat-plugin-animations/LTMorphingLabel/LTCharacterLimbo.swift"; sourceTree = "<group>"; fileEncoding = 4; lastKnownFileType = sourcecode.swift; explicitFileType = undefined; includeInIndex = 0; };
		3D3868412B67408799E719B6 /* LTEasing.swift */ = {isa = PBXFileReference; name = "LTEasing.swift"; path = "bidchat-plugin-animations/LTMorphingLabel/LTEasing.swift"; sourceTree = "<group>"; fileEncoding = 4; lastKnownFileType = sourcecode.swift; explicitFileType = undefined; includeInIndex = 0; };
		4FDF1EB3EECB4474837AAAF2 /* LTEmitterView.swift */ = {isa = PBXFileReference; name = "LTEmitterView.swift"; path = "bidchat-plugin-animations/LTMorphingLabel/LTEmitterView.swift"; sourceTree = "<group>"; fileEncoding = 4; lastKnownFileType = sourcecode.swift; explicitFileType = undefined; includeInIndex = 0; };
		D145FFF969BD4EACB863390E /* LTMorphingEffect.swift */ = {isa = PBXFileReference; name = "LTMorphingEffect.swift"; path = "bidchat-plugin-animations/LTMorphingLabel/LTMorphingEffect.swift"; sourceTree = "<group>"; fileEncoding = 4; lastKnownFileType = sourcecode.swift; explicitFileType = undefined; includeInIndex = 0; };
		7691A826421141A09A51B4CB /* LTMorphingLabel.swift */ = {isa = PBXFileReference; name = "LTMorphingLabel.swift"; path = "bidchat-plugin-animations/LTMorphingLabel/LTMorphingLabel.swift"; sourceTree = "<group>"; fileEncoding = 4; lastKnownFileType = sourcecode.swift; explicitFileType = undefined; includeInIndex = 0; };
		80C118CA235D4BF7A68835CE /* LTMorphingLabel+Anvil.swift */ = {isa = PBXFileReference; name = "LTMorphingLabel+Anvil.swift"; path = "bidchat-plugin-animations/LTMorphingLabel/LTMorphingLabel+Anvil.swift"; sourceTree = "<group>"; fileEncoding = 4; lastKnownFileType = sourcecode.swift; explicitFileType = undefined; includeInIndex = 0; };
		856F1AE47040411EAF537ECB /* LTMorphingLabel+Burn.swift */ = {isa = PBXFileReference; name = "LTMorphingLabel+Burn.swift"; path = "bidchat-plugin-animations/LTMorphingLabel/LTMorphingLabel+Burn.swift"; sourceTree = "<group>"; fileEncoding = 4; lastKnownFileType = sourcecode.swift; explicitFileType = undefined; includeInIndex = 0; };
		DAFF2A0F5A974A83A6202CF2 /* LTMorphingLabel+Evaporate.swift */ = {isa = PBXFileReference; name = "LTMorphingLabel+Evaporate.swift"; path = "bidchat-plugin-animations/LTMorphingLabel/LTMorphingLabel+Evaporate.swift"; sourceTree = "<group>"; fileEncoding = 4; lastKnownFileType = sourcecode.swift; explicitFileType = undefined; includeInIndex = 0; };
		8A36B8D0BC9549A996CF25B0 /* LTMorphingLabel+Fall.swift */ = {isa = PBXFileReference; name = "LTMorphingLabel+Fall.swift"; path = "bidchat-plugin-animations/LTMorphingLabel/LTMorphingLabel+Fall.swift"; sourceTree = "<group>"; fileEncoding = 4; lastKnownFileType = sourcecode.swift; explicitFileType = undefined; includeInIndex = 0; };
		43E8EA0A53164E1BAF6C15B5 /* LTMorphingLabel+Pixelate.swift */ = {isa = PBXFileReference; name = "LTMorphingLabel+Pixelate.swift"; path = "bidchat-plugin-animations/LTMorphingLabel/LTMorphingLabel+Pixelate.swift"; sourceTree = "<group>"; fileEncoding = 4; lastKnownFileType = sourcecode.swift; explicitFileType = undefined; includeInIndex = 0; };
		1915032D4D3D40E495857CDB /* LTMorphingLabel+Sparkle.swift */ = {isa = PBXFileReference; name = "LTMorphingLabel+Sparkle.swift"; path = "bidchat-plugin-animations/LTMorphingLabel/LTMorphingLabel+Sparkle.swift"; sourceTree = "<group>"; fileEncoding = 4; lastKnownFileType = sourcecode.swift; explicitFileType = undefined; includeInIndex = 0; };
		CF440269F3E7476ABD859231 /* LTStringDiffResult.swift */ = {isa = PBXFileReference; name = "LTStringDiffResult.swift"; path = "bidchat-plugin-animations/LTMorphingLabel/LTStringDiffResult.swift"; sourceTree = "<group>"; fileEncoding = 4; lastKnownFileType = sourcecode.swift; explicitFileType = undefined; includeInIndex = 0; };
		EB5979E3D3EF4638AD08363A /* LTMorphingLabel.h */ = {isa = PBXFileReference; name = "LTMorphingLabel.h"; path = "bidchat-plugin-animations/LTMorphingLabel/LTMorphingLabel.h"; sourceTree = "<group>"; fileEncoding = 4; lastKnownFileType = sourcecode.c.h; explicitFileType = undefined; includeInIndex = 0; };
		607538F494834921AA5CBF2A /* QuartzCore.framework */ = {isa = PBXFileReference; name = "QuartzCore.framework"; path = "System/Library/Frameworks/QuartzCore.framework"; sourceTree = SDKROOT; fileEncoding = undefined; lastKnownFileType = wrapper.framework; explicitFileType = undefined; includeInIndex = 0; };
/* End PBXFileReference section */

/* Begin PBXFrameworksBuildPhase section */
		1D60588F0D05DD3D006BFB54 /* Frameworks */ = {
			isa = PBXFrameworksBuildPhase;
			buildActionMask = 2147483647;
			files = (
				301BF552109A68D80062928A /* libCordova.a in Frameworks */,
				E77A897CE57C0A134E9AA27B /* libPods-BidchatAnimationPluginCheck.a in Frameworks */,
				BAA1847270B647B0964493F1 /* QuartzCore.framework in Frameworks */,
			);
			runOnlyForDeploymentPostprocessing = 0;
		};
/* End PBXFrameworksBuildPhase section */

/* Begin PBXGroup section */
		080E96DDFE201D6D7F000001 /* Classes */ = {
			isa = PBXGroup;
			children = (
				302D95EE14D2391D003F00A1 /* MainViewController.h */,
				302D95EF14D2391D003F00A1 /* MainViewController.m */,
				302D95F014D2391D003F00A1 /* MainViewController.xib */,
				1D3623240D0F684500981E51 /* AppDelegate.h */,
				1D3623250D0F684500981E51 /* AppDelegate.m */,
			);
			name = Classes;
			path = BidchatAnimationPluginCheck/Classes;
			sourceTree = SOURCE_ROOT;
		};
		19C28FACFE9D520D11CA2CBB /* Products */ = {
			isa = PBXGroup;
			children = (
				1D6058910D05DD3D006BFB54 /* BidchatAnimationPluginCheck.app */,
			);
			name = Products;
			sourceTree = "<group>";
		};
		29B97314FDCFA39411CA2CEA /* CustomTemplate */ = {
			isa = PBXGroup;
			children = (
				EB87FDF41871DAF40020F90C /* config.xml */,
				EB87FDF31871DA8E0020F90C /* www */,
				EB87FDF11871DA420020F90C /* Staging */,
				301BF52D109A57CC0062928A /* CordovaLib.xcodeproj */,
				080E96DDFE201D6D7F000001 /* Classes */,
				307C750510C5A3420062BCA9 /* Plugins */,
				29B97315FDCFA39411CA2CEA /* Other Sources */,
				29B97317FDCFA39411CA2CEA /* Resources */,
				29B97323FDCFA39411CA2CEA /* Frameworks */,
				19C28FACFE9D520D11CA2CBB /* Products */,
				C45EC5B83DF6E0395D8AF39E /* Pods */,
			);
			name = CustomTemplate;
			sourceTree = "<group>";
		};
		29B97315FDCFA39411CA2CEA /* Other Sources */ = {
			isa = PBXGroup;
			children = (
				32CA4F630368D1EE00C91783 /* BidchatAnimationPluginCheck-Prefix.pch */,
				29B97316FDCFA39411CA2CEA /* main.m */,
				ED33DF2A687741AEAF9F8254 /* Bridging-Header.h */,
			);
			name = "Other Sources";
			path = BidchatAnimationPluginCheck;
			sourceTree = "<group>";
		};
		29B97317FDCFA39411CA2CEA /* Resources */ = {
			isa = PBXGroup;
			children = (
				0207DA571B56EA530066E2B4 /* Images.xcassets */,
				3047A50E1AB8057F00498E2A /* config */,
				8D1107310486CEB800E47090 /* BidchatAnimationPluginCheck-Info.plist */,
				6AFF5BF81D6E424B00AB3073 /* CDVLaunchScreen.storyboard */,
			);
			name = Resources;
			path = BidchatAnimationPluginCheck/Resources;
			sourceTree = "<group>";
		};
		29B97323FDCFA39411CA2CEA /* Frameworks */ = {
			isa = PBXGroup;
			children = (
				CA7DB33D6724789F60C19F59 /* libPods-BidchatAnimationPluginCheck.a */,
				607538F494834921AA5CBF2A /* QuartzCore.framework */,
			);
			name = Frameworks;
			sourceTree = "<group>";
		};
		301BF52E109A57CC0062928A /* Products */ = {
			isa = PBXGroup;
			children = (
				301BF535109A57CC0062928A /* libCordova.a */,
			);
			name = Products;
			sourceTree = "<group>";
		};
		3047A50E1AB8057F00498E2A /* config */ = {
			isa = PBXGroup;
			children = (
				3047A50F1AB8059700498E2A /* build-debug.xcconfig */,
				3047A5101AB8059700498E2A /* build-release.xcconfig */,
				3047A5111AB8059700498E2A /* build.xcconfig */,
			);
			name = config;
			sourceTree = "<group>";
		};
		307C750510C5A3420062BCA9 /* Plugins */ = {
			isa = PBXGroup;
			children = (
				7A94B21BD0654F339FCB329F /* BidchatAnimations.m */,
				79327D223A7A4A4BBF4E9356 /* email.png */,
				4BD5B1D6C642424B861F1E19 /* facebook.png */,
				34546CB9F2C0455EAD77EF54 /* google-plus.png */,
				38F84AA433854D5984C78D9A /* instagram.png */,
				20B58E64705B4B0DA77D9169 /* messages.png */,
				F1190FD92AA24966ABBB1C05 /* twitter.png */,
				8F224B916F0F406FAAE46C96 /* CountdownLabel.swift */,
				D28D91BE76FE4032B58ECB2A /* Fire.png */,
				A5A82B9A6D9943A0BF1CCF84 /* Fragment.png */,
				814D27A2658F412B959C28FD /* Smoke.png */,
				28AC6ACBB9F44B8EBD8E91CD /* Sparkle.png */,
				6AD0B0BFE352461EBAC3BDB9 /* LTCharacterDiffResult.swift */,
				8D062CE87A0E43C0937DB34B /* LTCharacterLimbo.swift */,
				3D3868412B67408799E719B6 /* LTEasing.swift */,
				4FDF1EB3EECB4474837AAAF2 /* LTEmitterView.swift */,
				D145FFF969BD4EACB863390E /* LTMorphingEffect.swift */,
				7691A826421141A09A51B4CB /* LTMorphingLabel.swift */,
				80C118CA235D4BF7A68835CE /* LTMorphingLabel+Anvil.swift */,
				856F1AE47040411EAF537ECB /* LTMorphingLabel+Burn.swift */,
				DAFF2A0F5A974A83A6202CF2 /* LTMorphingLabel+Evaporate.swift */,
				8A36B8D0BC9549A996CF25B0 /* LTMorphingLabel+Fall.swift */,
				43E8EA0A53164E1BAF6C15B5 /* LTMorphingLabel+Pixelate.swift */,
				1915032D4D3D40E495857CDB /* LTMorphingLabel+Sparkle.swift */,
				CF440269F3E7476ABD859231 /* LTStringDiffResult.swift */,
				EB5979E3D3EF4638AD08363A /* LTMorphingLabel.h */,
			);
			name = Plugins;
			path = BidchatAnimationPluginCheck/Plugins;
			sourceTree = SOURCE_ROOT;
		};
		C45EC5B83DF6E0395D8AF39E /* Pods */ = {
			isa = PBXGroup;
			children = (
			);
			name = Pods;
			sourceTree = "<group>";
		};
		EB87FDF11871DA420020F90C /* Staging */ = {
			isa = PBXGroup;
			children = (
				F840E1F0165FE0F500CFE078 /* config.xml */,
				301BF56E109A69640062928A /* www */,
			);
			name = Staging;
			sourceTree = "<group>";
		};
/* End PBXGroup section */

/* Begin PBXNativeTarget section */
		1D6058900D05DD3D006BFB54 /* BidchatAnimationPluginCheck */ = {
			isa = PBXNativeTarget;
			buildConfigurationList = 1D6058960D05DD3E006BFB54 /* Build configuration list for PBXNativeTarget "BidchatAnimationPluginCheck" */;
			buildPhases = (
				9825D964D053D8999668B58C /* [CP] Check Pods Manifest.lock */,
				304B58A110DAC018002A0835 /* Copy www directory */,
				1D60588D0D05DD3D006BFB54 /* Resources */,
				1D60588E0D05DD3D006BFB54 /* Sources */,
				1D60588F0D05DD3D006BFB54 /* Frameworks */,
				3C9D3A559E51D0EF60092EC4 /* [CP] Embed Pods Frameworks */,
				79E281726D06A7B414A8556E /* [CP] Copy Pods Resources */,
			);
			buildRules = (
			);
			dependencies = (
				301BF551109A68C00062928A /* PBXTargetDependency */,
			);
			name = BidchatAnimationPluginCheck;
			productName = BidchatAnimationPluginCheck;
			productReference = 1D6058910D05DD3D006BFB54 /* BidchatAnimationPluginCheck.app */;
			productType = "com.apple.product-type.application";
		};
/* End PBXNativeTarget section */

/* Begin PBXProject section */
		29B97313FDCFA39411CA2CEA /* Project object */ = {
			isa = PBXProject;
			attributes = {
				LastUpgradeCheck = 510;
				TargetAttributes = {
					1D6058900D05DD3D006BFB54 = {
						DevelopmentTeam = 3553G4H8G3;
					};
				};
			};
			buildConfigurationList = C01FCF4E08A954540054247B /* Build configuration list for PBXProject "BidchatAnimationPluginCheck" */;
			compatibilityVersion = "Xcode 3.2";
			developmentRegion = English;
			hasScannedForEncodings = 1;
			knownRegions = (
				en,
			);
			mainGroup = 29B97314FDCFA39411CA2CEA /* CustomTemplate */;
			productRefGroup = 19C28FACFE9D520D11CA2CBB /* Products */;
			projectDirPath = "";
			projectReferences = (
				{
					ProductGroup = 301BF52E109A57CC0062928A /* Products */;
					ProjectRef = 301BF52D109A57CC0062928A /* CordovaLib.xcodeproj */;
				},
			);
			projectRoot = "";
			targets = (
				1D6058900D05DD3D006BFB54 /* BidchatAnimationPluginCheck */,
			);
		};
/* End PBXProject section */

/* Begin PBXReferenceProxy section */
		301BF535109A57CC0062928A /* libCordova.a */ = {
			isa = PBXReferenceProxy;
			fileType = archive.ar;
			path = libCordova.a;
			remoteRef = 301BF534109A57CC0062928A /* PBXContainerItemProxy */;
			sourceTree = BUILT_PRODUCTS_DIR;
		};
/* End PBXReferenceProxy section */

/* Begin PBXResourcesBuildPhase section */
		1D60588D0D05DD3D006BFB54 /* Resources */ = {
			isa = PBXResourcesBuildPhase;
			buildActionMask = 2147483647;
			files = (
				302D95F214D2391D003F00A1 /* MainViewController.xib in Resources */,
				0207DA581B56EA530066E2B4 /* Images.xcassets in Resources */,
				6AFF5BF91D6E424B00AB3073 /* CDVLaunchScreen.storyboard in Resources */,
			);
			runOnlyForDeploymentPostprocessing = 0;
		};
/* End PBXResourcesBuildPhase section */

/* Begin PBXShellScriptBuildPhase section */
		304B58A110DAC018002A0835 /* Copy www directory */ = {
			isa = PBXShellScriptBuildPhase;
			buildActionMask = 2147483647;
			files = (
			);
			inputPaths = (
			);
			name = "Copy www directory";
			outputPaths = (
			);
			runOnlyForDeploymentPostprocessing = 0;
			shellPath = /bin/sh;
			shellScript = "NODEJS_PATH=/usr/local/bin; NVM_NODE_PATH=~/.nvm/versions/node/`nvm version 2>/dev/null`/bin; N_NODE_PATH=`find /usr/local/n/versions/node/* -maxdepth 0 -type d 2>/dev/null | tail -1`/bin; XCODE_NODE_PATH=`xcode-select --print-path`/usr/share/xcs/Node/bin; PATH=$NODEJS_PATH:$NVM_NODE_PATH:$N_NODE_PATH:$XCODE_NODE_PATH:$PATH && node cordova/lib/copy-www-build-step.js";
			showEnvVarsInLog = 0;
		};
		3C9D3A559E51D0EF60092EC4 /* [CP] Embed Pods Frameworks */ = {
			isa = PBXShellScriptBuildPhase;
			buildActionMask = 2147483647;
			files = (
			);
			inputPaths = (
			);
			name = "[CP] Embed Pods Frameworks";
			outputPaths = (
			);
			runOnlyForDeploymentPostprocessing = 0;
			shellPath = /bin/sh;
			shellScript = "\"${SRCROOT}/Pods/Target Support Files/Pods-BidchatAnimationPluginCheck/Pods-BidchatAnimationPluginCheck-frameworks.sh\"\n";
			showEnvVarsInLog = 0;
		};
		79E281726D06A7B414A8556E /* [CP] Copy Pods Resources */ = {
			isa = PBXShellScriptBuildPhase;
			buildActionMask = 2147483647;
			files = (
			);
			inputPaths = (
			);
			name = "[CP] Copy Pods Resources";
			outputPaths = (
			);
			runOnlyForDeploymentPostprocessing = 0;
			shellPath = /bin/sh;
			shellScript = "\"${SRCROOT}/Pods/Target Support Files/Pods-BidchatAnimationPluginCheck/Pods-BidchatAnimationPluginCheck-resources.sh\"\n";
			showEnvVarsInLog = 0;
		};
		9825D964D053D8999668B58C /* [CP] Check Pods Manifest.lock */ = {
			isa = PBXShellScriptBuildPhase;
			buildActionMask = 2147483647;
			files = (
			);
			inputPaths = (
			);
			name = "[CP] Check Pods Manifest.lock";
			outputPaths = (
			);
			runOnlyForDeploymentPostprocessing = 0;
			shellPath = /bin/sh;
			shellScript = "diff \"${PODS_ROOT}/../Podfile.lock\" \"${PODS_ROOT}/Manifest.lock\" > /dev/null\nif [ $? != 0 ] ; then\n    # print error to STDERR\n    echo \"error: The sandbox is not in sync with the Podfile.lock. Run 'pod install' or update your CocoaPods installation.\" >&2\n    exit 1\nfi\n";
			showEnvVarsInLog = 0;
		};
/* End PBXShellScriptBuildPhase section */

/* Begin PBXSourcesBuildPhase section */
		1D60588E0D05DD3D006BFB54 /* Sources */ = {
			isa = PBXSourcesBuildPhase;
			buildActionMask = 2147483647;
			files = (
				1D60589B0D05DD56006BFB54 /* main.m in Sources */,
				1D3623260D0F684500981E51 /* AppDelegate.m in Sources */,
				302D95F114D2391D003F00A1 /* MainViewController.m in Sources */,
				6291ABD22CDC4959B159801E /* email.png in Sources */,
				B1B817E59EB242979EEB372C /* facebook.png in Sources */,
				9CE3803822504176AACD5A69 /* google-plus.png in Sources */,
				21C35DADC8B24628BCA90F4C /* instagram.png in Sources */,
				C3A82E4D0FF04E709AB8AD8D /* messages.png in Sources */,
				02A681CAEED94A87AFAB7A76 /* twitter.png in Sources */,
				1E87B49DCF244794ABBF2237 /* Fire.png in Sources */,
				DF3254D554784232BF2D9820 /* Fragment.png in Sources */,
				11721B9561EE43DB802EB05E /* Smoke.png in Sources */,
				5600D88980E344F69126BFFE /* Sparkle.png in Sources */,
				30FAA6493B3B40C4AF8AE60B /* BidchatAnimations.m in Sources */,
				B01774F667AB41328E181033 /* email.png in Resources */,
				FDF558DD6A194D66B2A70744 /* facebook.png in Resources */,
				3A3E6C54F72B482B98E18B9D /* google-plus.png in Resources */,
				B89085FF05454993B3D73098 /* instagram.png in Resources */,
				7AB7DA7ED31B484D8460D587 /* messages.png in Resources */,
				920FD679F6934D20B3E80A83 /* twitter.png in Resources */,
				F5B3574EAD3847358B5E15D6 /* CountdownLabel.swift in Sources */,
				767078A201BE473EB85373DB /* Fire.png in Resources */,
				72FE4C56EC754878943F8612 /* Fragment.png in Resources */,
				DFCDE4F92A01483AB5FEA175 /* Smoke.png in Resources */,
				E1C1242CB69D4E39B35DF8CE /* Sparkle.png in Resources */,
				FFC560CD39254D6697121D54 /* LTCharacterDiffResult.swift in Sources */,
				FBE3129E5DF744C395875831 /* LTCharacterLimbo.swift in Sources */,
				6A87FD3EA2834E7B9F70F0EE /* LTEasing.swift in Sources */,
				B4234F854A984F64B116F1C8 /* LTEmitterView.swift in Sources */,
				AB0F259DAA344F1F90564B32 /* LTMorphingEffect.swift in Sources */,
				8F589390787C4ADDBBD81B74 /* LTMorphingLabel.swift in Sources */,
				3D14999A1A9F4BDD8A50234C /* LTMorphingLabel+Anvil.swift in Sources */,
				EB6C4753671141C8815041D1 /* LTMorphingLabel+Burn.swift in Sources */,
				CBF080306121436FB112ECA2 /* LTMorphingLabel+Evaporate.swift in Sources */,
				1770AF0612184119BD7B11BD /* LTMorphingLabel+Fall.swift in Sources */,
				971F0F52BBDF41EEB8901D29 /* LTMorphingLabel+Pixelate.swift in Sources */,
				D859DEEC616F40EEA1AC474B /* LTMorphingLabel+Sparkle.swift in Sources */,
				11BD62B42CCE4CC2A1F03C72 /* LTStringDiffResult.swift in Sources */,
			);
			runOnlyForDeploymentPostprocessing = 0;
		};
/* End PBXSourcesBuildPhase section */

/* Begin PBXTargetDependency section */
		301BF551109A68C00062928A /* PBXTargetDependency */ = {
			isa = PBXTargetDependency;
			name = CordovaLib;
			targetProxy = 301BF550109A68C00062928A /* PBXContainerItemProxy */;
		};
/* End PBXTargetDependency section */

/* Begin XCBuildConfiguration section */
		1D6058940D05DD3E006BFB54 /* Debug */ = {
			isa = XCBuildConfiguration;
			baseConfigurationReference = 3047A50F1AB8059700498E2A /* build-debug.xcconfig */;
			buildSettings = {
				ALWAYS_EMBED_SWIFT_STANDARD_LIBRARIES = YES;
				ALWAYS_SEARCH_USER_PATHS = NO;
				ASSETCATALOG_COMPILER_APPICON_NAME = AppIcon;
				ASSETCATALOG_COMPILER_LAUNCHIMAGE_NAME = LaunchImage;
				CLANG_ENABLE_MODULES = YES;
				CLANG_ENABLE_OBJC_ARC = YES;
				COPY_PHASE_STRIP = NO;
				DEFINES_MODULE = YES;
				DEVELOPMENT_TEAM = 3553G4H8G3;
				GCC_DYNAMIC_NO_PIC = NO;
				GCC_OPTIMIZATION_LEVEL = 0;
				GCC_PRECOMPILE_PREFIX_HEADER = YES;
				GCC_PREFIX_HEADER = "BidchatAnimationPluginCheck/BidchatAnimationPluginCheck-Prefix.pch";
				GCC_THUMB_SUPPORT = NO;
				GCC_VERSION = "";
				INFOPLIST_FILE = "BidchatAnimationPluginCheck/BidchatAnimationPluginCheck-Info.plist";
				IPHONEOS_DEPLOYMENT_TARGET = 8.0;
				LD_RUNPATH_SEARCH_PATHS = "@executable_path/Frameworks";
				PRODUCT_MODULE_NAME = BidchatiOSApp;
				PRODUCT_NAME = BidchatAnimationPluginCheck;
				SWIFT_OBJC_BRIDGING_HEADER = "$(PROJECT_DIR)/$(PROJECT_NAME)/Bridging-Header.h";
				SWIFT_VERSION = 2.3;
				TARGETED_DEVICE_FAMILY = "1,2";
			};
			name = Debug;
		};
		1D6058950D05DD3E006BFB54 /* Release */ = {
			isa = XCBuildConfiguration;
			baseConfigurationReference = 3047A5101AB8059700498E2A /* build-release.xcconfig */;
			buildSettings = {
				ALWAYS_EMBED_SWIFT_STANDARD_LIBRARIES = YES;
				ALWAYS_SEARCH_USER_PATHS = NO;
				ASSETCATALOG_COMPILER_APPICON_NAME = AppIcon;
				ASSETCATALOG_COMPILER_LAUNCHIMAGE_NAME = LaunchImage;
				CLANG_ENABLE_MODULES = YES;
				CLANG_ENABLE_OBJC_ARC = YES;
				COPY_PHASE_STRIP = YES;
				DEFINES_MODULE = YES;
				DEVELOPMENT_TEAM = 3553G4H8G3;
				GCC_PRECOMPILE_PREFIX_HEADER = YES;
				GCC_PREFIX_HEADER = "BidchatAnimationPluginCheck/BidchatAnimationPluginCheck-Prefix.pch";
				GCC_THUMB_SUPPORT = NO;
				GCC_VERSION = "";
				INFOPLIST_FILE = "BidchatAnimationPluginCheck/BidchatAnimationPluginCheck-Info.plist";
				IPHONEOS_DEPLOYMENT_TARGET = 8.0;
				LD_RUNPATH_SEARCH_PATHS = "@executable_path/Frameworks";
				PRODUCT_MODULE_NAME = BidchatiOSApp;
				PRODUCT_NAME = BidchatAnimationPluginCheck;
				SWIFT_OBJC_BRIDGING_HEADER = "$(PROJECT_DIR)/$(PROJECT_NAME)/Bridging-Header.h";
				SWIFT_VERSION = 2.3;
				TARGETED_DEVICE_FAMILY = "1,2";
			};
			name = Release;
		};
		C01FCF4F08A954540054247B /* Debug */ = {
			isa = XCBuildConfiguration;
			baseConfigurationReference = 3047A5111AB8059700498E2A /* build.xcconfig */;
			buildSettings = {
				ALWAYS_EMBED_SWIFT_STANDARD_LIBRARIES = YES;
				CLANG_ENABLE_MODULES = YES;
				CLANG_ENABLE_OBJC_ARC = YES;
				CLANG_WARN_BOOL_CONVERSION = YES;
				CLANG_WARN_CONSTANT_CONVERSION = YES;
				CLANG_WARN_EMPTY_BODY = YES;
				CLANG_WARN_ENUM_CONVERSION = YES;
				CLANG_WARN_INT_CONVERSION = YES;
				CLANG_WARN__DUPLICATE_METHOD_MATCH = YES;
				GCC_C_LANGUAGE_STANDARD = c99;
				GCC_THUMB_SUPPORT = NO;
				GCC_VERSION = "";
				GCC_WARN_ABOUT_RETURN_TYPE = YES;
				GCC_WARN_UNDECLARED_SELECTOR = YES;
				GCC_WARN_UNINITIALIZED_AUTOS = YES;
				GCC_WARN_UNUSED_FUNCTION = YES;
				GCC_WARN_UNUSED_VARIABLE = YES;
				ONLY_ACTIVE_ARCH = YES;
				SDKROOT = iphoneos;
				SKIP_INSTALL = NO;
				SWIFT_OBJC_BRIDGING_HEADER = "$(PROJECT_DIR)/$(PROJECT_NAME)/Bridging-Header.h";
				SWIFT_VERSION = 3.0;
			};
			name = Debug;
		};
		C01FCF5008A954540054247B /* Release */ = {
			isa = XCBuildConfiguration;
			baseConfigurationReference = 3047A5111AB8059700498E2A /* build.xcconfig */;
			buildSettings = {
				ALWAYS_EMBED_SWIFT_STANDARD_LIBRARIES = YES;
				CLANG_ENABLE_MODULES = YES;
				CLANG_ENABLE_OBJC_ARC = YES;
				CLANG_WARN_BOOL_CONVERSION = YES;
				CLANG_WARN_CONSTANT_CONVERSION = YES;
				CLANG_WARN_EMPTY_BODY = YES;
				CLANG_WARN_ENUM_CONVERSION = YES;
				CLANG_WARN_INT_CONVERSION = YES;
				CLANG_WARN__DUPLICATE_METHOD_MATCH = YES;
				GCC_C_LANGUAGE_STANDARD = c99;
				GCC_THUMB_SUPPORT = NO;
				GCC_VERSION = "";
				GCC_WARN_ABOUT_RETURN_TYPE = YES;
				GCC_WARN_UNDECLARED_SELECTOR = YES;
				GCC_WARN_UNINITIALIZED_AUTOS = YES;
				GCC_WARN_UNUSED_FUNCTION = YES;
				GCC_WARN_UNUSED_VARIABLE = YES;
				SDKROOT = iphoneos;
				SKIP_INSTALL = NO;
				SWIFT_OBJC_BRIDGING_HEADER = "$(PROJECT_DIR)/$(PROJECT_NAME)/Bridging-Header.h";
				SWIFT_VERSION = 3.0;
			};
			name = Release;
		};
/* End XCBuildConfiguration section */

/* Begin XCConfigurationList section */
		1D6058960D05DD3E006BFB54 /* Build configuration list for PBXNativeTarget "BidchatAnimationPluginCheck" */ = {
			isa = XCConfigurationList;
			buildConfigurations = (
				1D6058940D05DD3E006BFB54 /* Debug */,
				1D6058950D05DD3E006BFB54 /* Release */,
			);
			defaultConfigurationIsVisible = 0;
			defaultConfigurationName = Release;
		};
		C01FCF4E08A954540054247B /* Build configuration list for PBXProject "BidchatAnimationPluginCheck" */ = {
			isa = XCConfigurationList;
			buildConfigurations = (
				C01FCF4F08A954540054247B /* Debug */,
				C01FCF5008A954540054247B /* Release */,
			);
			defaultConfigurationIsVisible = 0;
			defaultConfigurationName = Release;
		};
/* End XCConfigurationList section */
	};
	rootObject = 29B97313FDCFA39411CA2CEA /* Project object */;
}
