// !$*UTF8*$!
{
	archiveVersion = 1;
	classes = {
	};
	objectVersion = 46;
	objects = {
/* Begin PBXBuildFile section */
		0207DA581B56EA530066E2B4 /* Images.xcassets in Resources */ = {isa = PBXBuildFile; fileRef = 0207DA571B56EA530066E2B4 /* Images.xcassets */; };
		1D3623260D0F684500981E51 /* AppDelegate.m in Sources */ = {isa = PBXBuildFile; fileRef = 1D3623250D0F684500981E51 /* AppDelegate.m */; };
		1D60589B0D05DD56006BFB54 /* main.m in Sources */ = {isa = PBXBuildFile; fileRef = 29B97316FDCFA39411CA2CEA /* main.m */; };
		301BF552109A68D80062928A /* libCordova.a in Frameworks */ = {isa = PBXBuildFile; fileRef = 301BF535109A57CC0062928A /* libCordova.a */; };
		302D95F114D2391D003F00A1 /* MainViewController.m in Sources */ = {isa = PBXBuildFile; fileRef = 302D95EF14D2391D003F00A1 /* MainViewController.m */; };
		302D95F214D2391D003F00A1 /* MainViewController.xib in Resources */ = {isa = PBXBuildFile; fileRef = 302D95F014D2391D003F00A1 /* MainViewController.xib */; };
		6AFF5BF91D6E424B00AB3073 /* CDVLaunchScreen.storyboard in Resources */ = {isa = PBXBuildFile; fileRef = 6AFF5BF81D6E424B00AB3073 /* CDVLaunchScreen.storyboard */; };
		E77A897CE57C0A134E9AA27B /* libPods-BidchatAnimationPluginCheck.a in Frameworks */ = {isa = PBXBuildFile; fileRef = CA7DB33D6724789F60C19F59 /* libPods-BidchatAnimationPluginCheck.a */; };
		7B0D2CF50C9A4DE99B682894 /* BidchatAnimations.m in Sources */ = {isa = PBXBuildFile; fileRef = B56A85AA18B6423B93CC0716 /* BidchatAnimations.m */; };
		C1AB82E75F414E5299C544B7 /* email.png in Resources */ = {isa = PBXBuildFile; fileRef = 8919FCAF54E14675BE89094F /* email.png */; };
		3F4AE21ADA884D8B9D53CA8B /* facebook.png in Resources */ = {isa = PBXBuildFile; fileRef = D7DEECAEC55F4DF0B4B07C9E /* facebook.png */; };
		75D746C54F31495499C32EA0 /* google-plus.png in Resources */ = {isa = PBXBuildFile; fileRef = 267D9B4B7C7B483EA304C732 /* google-plus.png */; };
		267DD05DE4824EBB92D07DE8 /* instagram.png in Resources */ = {isa = PBXBuildFile; fileRef = D5AA0748E0C14CEBA5C530E3 /* instagram.png */; };
		2DB637CC1DA44E52B186ED10 /* messages.png in Resources */ = {isa = PBXBuildFile; fileRef = 805A564460354823AC82E6CB /* messages.png */; };
		F9D105AF910A45278811C45F /* twitter.png in Resources */ = {isa = PBXBuildFile; fileRef = 2A500DA9F5094F88AF400852 /* twitter.png */; };
		2C110FAEFCB54929AC4B93BF /* CountdownLabel.swift in Sources */ = {isa = PBXBuildFile; fileRef = DD0716372149437EB3BB2132 /* CountdownLabel.swift */; };
		B21793A66A314BD28F2D3300 /* Fire.png in Resources */ = {isa = PBXBuildFile; fileRef = 9B1A3DEE4B4946C498882D8E /* Fire.png */; };
		6062EC816B62410E81376683 /* Fragment.png in Resources */ = {isa = PBXBuildFile; fileRef = 901873B0CC8D497280FCA4EA /* Fragment.png */; };
		826C79F2E1974836A22F3064 /* Smoke.png in Resources */ = {isa = PBXBuildFile; fileRef = 4207F4DFAA5B4F0284FAA68C /* Smoke.png */; };
		A02A2A9617EF4A0B8C5DE54F /* Sparkle.png in Resources */ = {isa = PBXBuildFile; fileRef = BC67F2A80A05496D97096040 /* Sparkle.png */; };
		484351D950CB439D9D6258B9 /* LTCharacterDiffResult.swift in Sources */ = {isa = PBXBuildFile; fileRef = F7EA6F28CD3448CC84154763 /* LTCharacterDiffResult.swift */; };
		C27200E349E94BE783333A57 /* LTCharacterLimbo.swift in Sources */ = {isa = PBXBuildFile; fileRef = 9760ACED8E60410EB1D1003E /* LTCharacterLimbo.swift */; };
		CDA72A70551E483788D58F30 /* LTEasing.swift in Sources */ = {isa = PBXBuildFile; fileRef = 417B49E74288412080143876 /* LTEasing.swift */; };
		F34095D0C8D34C9093B16AC9 /* LTEmitterView.swift in Sources */ = {isa = PBXBuildFile; fileRef = 6BAB8A2501224A3DAACDCADC /* LTEmitterView.swift */; };
		28D2023BE09749778A455440 /* LTMorphingEffect.swift in Sources */ = {isa = PBXBuildFile; fileRef = DA250E0186C44CC0888E45BE /* LTMorphingEffect.swift */; };
		65F8F1DC46E042CE8551D03C /* LTMorphingLabel.swift in Sources */ = {isa = PBXBuildFile; fileRef = BFF067DFDB6D41C3AA256493 /* LTMorphingLabel.swift */; };
		90325CA4B77B487F983CA3F1 /* LTMorphingLabel+Anvil.swift in Sources */ = {isa = PBXBuildFile; fileRef = DF9546CECDD648BCACE5727D /* LTMorphingLabel+Anvil.swift */; };
		1A4C473528DF419EB4F2FC0A /* LTMorphingLabel+Burn.swift in Sources */ = {isa = PBXBuildFile; fileRef = BB7D407A55994598AD79E58B /* LTMorphingLabel+Burn.swift */; };
		61BDE10FF02640478F2D03F3 /* LTMorphingLabel+Evaporate.swift in Sources */ = {isa = PBXBuildFile; fileRef = 01EAD7ACFEFA4E7CA5BE71A7 /* LTMorphingLabel+Evaporate.swift */; };
		52AF5B0487E640EB8A6663F2 /* LTMorphingLabel+Fall.swift in Sources */ = {isa = PBXBuildFile; fileRef = B2851A7E59E14EB9AB01B48A /* LTMorphingLabel+Fall.swift */; };
		6872B422EFCC4E45909B3FF5 /* LTMorphingLabel+Pixelate.swift in Sources */ = {isa = PBXBuildFile; fileRef = BCDE8B10BED0469BBADE30AD /* LTMorphingLabel+Pixelate.swift */; };
		FBFC961064854FD18D84B323 /* LTMorphingLabel+Sparkle.swift in Sources */ = {isa = PBXBuildFile; fileRef = FA0C707582654D35A8BAA0CC /* LTMorphingLabel+Sparkle.swift */; };
		D0474AFA1ABF4E8B9F64D867 /* LTStringDiffResult.swift in Sources */ = {isa = PBXBuildFile; fileRef = D7A8E4C28F9F4FCCADF05B5F /* LTStringDiffResult.swift */; };
		00B2C83D5028498FB3197634 /* FloatingHearts.h in Resources */ = {isa = PBXBuildFile; fileRef = C8D86430C59445D5BAD70984 /* FloatingHearts.h */; };
		9AA34158B81940E5A259EC6B /* HeartView.swift in Sources */ = {isa = PBXBuildFile; fileRef = 491C848E41BA4FF8BA32AE72 /* HeartView.swift */; };
		6512A7A7632D49098FA32E0F /* Helpers.swift in Sources */ = {isa = PBXBuildFile; fileRef = DF447245EE184398ACBB5B10 /* Helpers.swift */; };
		DA5E5CE11FCD49E3B615441B /* heart.png in Resources */ = {isa = PBXBuildFile; fileRef = 416535524CFD46B6A1F86999 /* heart.png */; };
		BC13D568D0704DE3A9412A57 /* QuartzCore.framework in Frameworks */ = {isa = PBXBuildFile; fileRef = 147FBDDE28FB464D98B40B07 /* QuartzCore.framework */; };
/* End PBXBuildFile section */

/* Begin PBXContainerItemProxy section */
		301BF534109A57CC0062928A /* PBXContainerItemProxy */ = {
			isa = PBXContainerItemProxy;
			containerPortal = 301BF52D109A57CC0062928A /* CordovaLib.xcodeproj */;
			proxyType = 2;
			remoteGlobalIDString = D2AAC07E0554694100DB518D;
			remoteInfo = CordovaLib;
		};
		301BF550109A68C00062928A /* PBXContainerItemProxy */ = {
			isa = PBXContainerItemProxy;
			containerPortal = 301BF52D109A57CC0062928A /* CordovaLib.xcodeproj */;
			proxyType = 1;
			remoteGlobalIDString = D2AAC07D0554694100DB518D;
			remoteInfo = CordovaLib;
		};
/* End PBXContainerItemProxy section */

/* Begin PBXFileReference section */
		0207DA571B56EA530066E2B4 /* Images.xcassets */ = {isa = PBXFileReference; lastKnownFileType = folder.assetcatalog; name = Images.xcassets; path = BidchatAnimationPluginCheck/Images.xcassets; sourceTree = SOURCE_ROOT; };
		1D3623240D0F684500981E51 /* AppDelegate.h */ = {isa = PBXFileReference; fileEncoding = 4; lastKnownFileType = sourcecode.c.h; path = AppDelegate.h; sourceTree = "<group>"; };
		1D3623250D0F684500981E51 /* AppDelegate.m */ = {isa = PBXFileReference; fileEncoding = 4; lastKnownFileType = sourcecode.c.objc; path = AppDelegate.m; sourceTree = "<group>"; };
		1D6058910D05DD3D006BFB54 /* BidchatAnimationPluginCheck.app */ = {isa = PBXFileReference; explicitFileType = wrapper.application; includeInIndex = 0; path = BidchatAnimationPluginCheck.app; sourceTree = BUILT_PRODUCTS_DIR; };
		29B97316FDCFA39411CA2CEA /* main.m */ = {isa = PBXFileReference; fileEncoding = 4; lastKnownFileType = sourcecode.c.objc; path = main.m; sourceTree = "<group>"; };
		301BF52D109A57CC0062928A /* CordovaLib.xcodeproj */ = {isa = PBXFileReference; lastKnownFileType = "wrapper.pb-project"; name = CordovaLib.xcodeproj; path = CordovaLib/CordovaLib.xcodeproj; sourceTree = "<group>"; };
		301BF56E109A69640062928A /* www */ = {isa = PBXFileReference; lastKnownFileType = folder; path = www; sourceTree = SOURCE_ROOT; };
		302D95EE14D2391D003F00A1 /* MainViewController.h */ = {isa = PBXFileReference; fileEncoding = 4; lastKnownFileType = sourcecode.c.h; path = MainViewController.h; sourceTree = "<group>"; };
		302D95EF14D2391D003F00A1 /* MainViewController.m */ = {isa = PBXFileReference; fileEncoding = 4; lastKnownFileType = sourcecode.c.objc; path = MainViewController.m; sourceTree = "<group>"; };
		302D95F014D2391D003F00A1 /* MainViewController.xib */ = {isa = PBXFileReference; fileEncoding = 4; lastKnownFileType = file.xib; path = MainViewController.xib; sourceTree = "<group>"; };
		3047A50F1AB8059700498E2A /* build-debug.xcconfig */ = {isa = PBXFileReference; fileEncoding = 4; lastKnownFileType = text.xcconfig; name = "build-debug.xcconfig"; path = "cordova/build-debug.xcconfig"; sourceTree = SOURCE_ROOT; };
		3047A5101AB8059700498E2A /* build-release.xcconfig */ = {isa = PBXFileReference; fileEncoding = 4; lastKnownFileType = text.xcconfig; name = "build-release.xcconfig"; path = "cordova/build-release.xcconfig"; sourceTree = SOURCE_ROOT; };
		3047A5111AB8059700498E2A /* build.xcconfig */ = {isa = PBXFileReference; fileEncoding = 4; lastKnownFileType = text.xcconfig; name = build.xcconfig; path = cordova/build.xcconfig; sourceTree = SOURCE_ROOT; };
		32CA4F630368D1EE00C91783 /* BidchatAnimationPluginCheck-Prefix.pch */ = {isa = PBXFileReference; fileEncoding = 4; lastKnownFileType = sourcecode.c.h; path = "BidchatAnimationPluginCheck-Prefix.pch"; sourceTree = "<group>"; };
		6AFF5BF81D6E424B00AB3073 /* CDVLaunchScreen.storyboard */ = {isa = PBXFileReference; fileEncoding = 4; lastKnownFileType = file.storyboard; name = CDVLaunchScreen.storyboard; path = BidchatAnimationPluginCheck/CDVLaunchScreen.storyboard; sourceTree = SOURCE_ROOT; };
		8D1107310486CEB800E47090 /* BidchatAnimationPluginCheck-Info.plist */ = {isa = PBXFileReference; fileEncoding = 4; lastKnownFileType = text.plist.xml; name = "BidchatAnimationPluginCheck-Info.plist"; path = "BidchatAnimationPluginCheck/BidchatAnimationPluginCheck-Info.plist"; plistStructureDefinitionIdentifier = "com.apple.xcode.plist.structure-definition.iphone.info-plist"; sourceTree = SOURCE_ROOT; };
		CA7DB33D6724789F60C19F59 /* libPods-BidchatAnimationPluginCheck.a */ = {isa = PBXFileReference; explicitFileType = archive.ar; includeInIndex = 0; path = "libPods-BidchatAnimationPluginCheck.a"; sourceTree = BUILT_PRODUCTS_DIR; };
		EB87FDF31871DA8E0020F90C /* www */ = {isa = PBXFileReference; lastKnownFileType = folder; name = www; path = ../../www; sourceTree = "<group>"; };
		EB87FDF41871DAF40020F90C /* config.xml */ = {isa = PBXFileReference; lastKnownFileType = text.xml; name = config.xml; path = ../../config.xml; sourceTree = "<group>"; };
		ED33DF2A687741AEAF9F8254 /* Bridging-Header.h */ = {isa = PBXFileReference; fileEncoding = 4; lastKnownFileType = sourcecode.c.h; path = "Bridging-Header.h"; sourceTree = "<group>"; };
		F840E1F0165FE0F500CFE078 /* config.xml */ = {isa = PBXFileReference; lastKnownFileType = text.xml; name = config.xml; path = BidchatAnimationPluginCheck/config.xml; sourceTree = "<group>"; };
		B56A85AA18B6423B93CC0716 /* BidchatAnimations.m */ = {isa = PBXFileReference; name = "BidchatAnimations.m"; path = "bidchat-plugin-animations/BidchatAnimations.m"; sourceTree = "<group>"; fileEncoding = 4; lastKnownFileType = sourcecode.c.objc; explicitFileType = undefined; includeInIndex = 0; };
		8919FCAF54E14675BE89094F /* email.png */ = {isa = PBXFileReference; name = "email.png"; path = "bidchat-plugin-animations/resource/email.png"; sourceTree = "<group>"; fileEncoding = undefined; lastKnownFileType = unknown; explicitFileType = undefined; includeInIndex = 0; };
		D7DEECAEC55F4DF0B4B07C9E /* facebook.png */ = {isa = PBXFileReference; name = "facebook.png"; path = "bidchat-plugin-animations/resource/facebook.png"; sourceTree = "<group>"; fileEncoding = undefined; lastKnownFileType = unknown; explicitFileType = undefined; includeInIndex = 0; };
		267D9B4B7C7B483EA304C732 /* google-plus.png */ = {isa = PBXFileReference; name = "google-plus.png"; path = "bidchat-plugin-animations/resource/google-plus.png"; sourceTree = "<group>"; fileEncoding = undefined; lastKnownFileType = unknown; explicitFileType = undefined; includeInIndex = 0; };
		D5AA0748E0C14CEBA5C530E3 /* instagram.png */ = {isa = PBXFileReference; name = "instagram.png"; path = "bidchat-plugin-animations/resource/instagram.png"; sourceTree = "<group>"; fileEncoding = undefined; lastKnownFileType = unknown; explicitFileType = undefined; includeInIndex = 0; };
		805A564460354823AC82E6CB /* messages.png */ = {isa = PBXFileReference; name = "messages.png"; path = "bidchat-plugin-animations/resource/messages.png"; sourceTree = "<group>"; fileEncoding = undefined; lastKnownFileType = unknown; explicitFileType = undefined; includeInIndex = 0; };
		2A500DA9F5094F88AF400852 /* twitter.png */ = {isa = PBXFileReference; name = "twitter.png"; path = "bidchat-plugin-animations/resource/twitter.png"; sourceTree = "<group>"; fileEncoding = undefined; lastKnownFileType = unknown; explicitFileType = undefined; includeInIndex = 0; };
		DD0716372149437EB3BB2132 /* CountdownLabel.swift */ = {isa = PBXFileReference; name = "CountdownLabel.swift"; path = "bidchat-plugin-animations/CountdownLabel.swift"; sourceTree = "<group>"; fileEncoding = 4; lastKnownFileType = sourcecode.swift; explicitFileType = undefined; includeInIndex = 0; };
		9B1A3DEE4B4946C498882D8E /* Fire.png */ = {isa = PBXFileReference; name = "Fire.png"; path = "bidchat-plugin-animations/LTMorphingLabel/Particles/Fire.png"; sourceTree = "<group>"; fileEncoding = undefined; lastKnownFileType = unknown; explicitFileType = undefined; includeInIndex = 0; };
		901873B0CC8D497280FCA4EA /* Fragment.png */ = {isa = PBXFileReference; name = "Fragment.png"; path = "bidchat-plugin-animations/LTMorphingLabel/Particles/Fragment.png"; sourceTree = "<group>"; fileEncoding = undefined; lastKnownFileType = unknown; explicitFileType = undefined; includeInIndex = 0; };
		4207F4DFAA5B4F0284FAA68C /* Smoke.png */ = {isa = PBXFileReference; name = "Smoke.png"; path = "bidchat-plugin-animations/LTMorphingLabel/Particles/Smoke.png"; sourceTree = "<group>"; fileEncoding = undefined; lastKnownFileType = unknown; explicitFileType = undefined; includeInIndex = 0; };
		BC67F2A80A05496D97096040 /* Sparkle.png */ = {isa = PBXFileReference; name = "Sparkle.png"; path = "bidchat-plugin-animations/LTMorphingLabel/Particles/Sparkle.png"; sourceTree = "<group>"; fileEncoding = undefined; lastKnownFileType = unknown; explicitFileType = undefined; includeInIndex = 0; };
		F7EA6F28CD3448CC84154763 /* LTCharacterDiffResult.swift */ = {isa = PBXFileReference; name = "LTCharacterDiffResult.swift"; path = "bidchat-plugin-animations/LTMorphingLabel/LTCharacterDiffResult.swift"; sourceTree = "<group>"; fileEncoding = 4; lastKnownFileType = sourcecode.swift; explicitFileType = undefined; includeInIndex = 0; };
		9760ACED8E60410EB1D1003E /* LTCharacterLimbo.swift */ = {isa = PBXFileReference; name = "LTCharacterLimbo.swift"; path = "bidchat-plugin-animations/LTMorphingLabel/LTCharacterLimbo.swift"; sourceTree = "<group>"; fileEncoding = 4; lastKnownFileType = sourcecode.swift; explicitFileType = undefined; includeInIndex = 0; };
		417B49E74288412080143876 /* LTEasing.swift */ = {isa = PBXFileReference; name = "LTEasing.swift"; path = "bidchat-plugin-animations/LTMorphingLabel/LTEasing.swift"; sourceTree = "<group>"; fileEncoding = 4; lastKnownFileType = sourcecode.swift; explicitFileType = undefined; includeInIndex = 0; };
		6BAB8A2501224A3DAACDCADC /* LTEmitterView.swift */ = {isa = PBXFileReference; name = "LTEmitterView.swift"; path = "bidchat-plugin-animations/LTMorphingLabel/LTEmitterView.swift"; sourceTree = "<group>"; fileEncoding = 4; lastKnownFileType = sourcecode.swift; explicitFileType = undefined; includeInIndex = 0; };
		DA250E0186C44CC0888E45BE /* LTMorphingEffect.swift */ = {isa = PBXFileReference; name = "LTMorphingEffect.swift"; path = "bidchat-plugin-animations/LTMorphingLabel/LTMorphingEffect.swift"; sourceTree = "<group>"; fileEncoding = 4; lastKnownFileType = sourcecode.swift; explicitFileType = undefined; includeInIndex = 0; };
		BFF067DFDB6D41C3AA256493 /* LTMorphingLabel.swift */ = {isa = PBXFileReference; name = "LTMorphingLabel.swift"; path = "bidchat-plugin-animations/LTMorphingLabel/LTMorphingLabel.swift"; sourceTree = "<group>"; fileEncoding = 4; lastKnownFileType = sourcecode.swift; explicitFileType = undefined; includeInIndex = 0; };
		DF9546CECDD648BCACE5727D /* LTMorphingLabel+Anvil.swift */ = {isa = PBXFileReference; name = "LTMorphingLabel+Anvil.swift"; path = "bidchat-plugin-animations/LTMorphingLabel/LTMorphingLabel+Anvil.swift"; sourceTree = "<group>"; fileEncoding = 4; lastKnownFileType = sourcecode.swift; explicitFileType = undefined; includeInIndex = 0; };
		BB7D407A55994598AD79E58B /* LTMorphingLabel+Burn.swift */ = {isa = PBXFileReference; name = "LTMorphingLabel+Burn.swift"; path = "bidchat-plugin-animations/LTMorphingLabel/LTMorphingLabel+Burn.swift"; sourceTree = "<group>"; fileEncoding = 4; lastKnownFileType = sourcecode.swift; explicitFileType = undefined; includeInIndex = 0; };
		01EAD7ACFEFA4E7CA5BE71A7 /* LTMorphingLabel+Evaporate.swift */ = {isa = PBXFileReference; name = "LTMorphingLabel+Evaporate.swift"; path = "bidchat-plugin-animations/LTMorphingLabel/LTMorphingLabel+Evaporate.swift"; sourceTree = "<group>"; fileEncoding = 4; lastKnownFileType = sourcecode.swift; explicitFileType = undefined; includeInIndex = 0; };
		B2851A7E59E14EB9AB01B48A /* LTMorphingLabel+Fall.swift */ = {isa = PBXFileReference; name = "LTMorphingLabel+Fall.swift"; path = "bidchat-plugin-animations/LTMorphingLabel/LTMorphingLabel+Fall.swift"; sourceTree = "<group>"; fileEncoding = 4; lastKnownFileType = sourcecode.swift; explicitFileType = undefined; includeInIndex = 0; };
		BCDE8B10BED0469BBADE30AD /* LTMorphingLabel+Pixelate.swift */ = {isa = PBXFileReference; name = "LTMorphingLabel+Pixelate.swift"; path = "bidchat-plugin-animations/LTMorphingLabel/LTMorphingLabel+Pixelate.swift"; sourceTree = "<group>"; fileEncoding = 4; lastKnownFileType = sourcecode.swift; explicitFileType = undefined; includeInIndex = 0; };
		FA0C707582654D35A8BAA0CC /* LTMorphingLabel+Sparkle.swift */ = {isa = PBXFileReference; name = "LTMorphingLabel+Sparkle.swift"; path = "bidchat-plugin-animations/LTMorphingLabel/LTMorphingLabel+Sparkle.swift"; sourceTree = "<group>"; fileEncoding = 4; lastKnownFileType = sourcecode.swift; explicitFileType = undefined; includeInIndex = 0; };
		D7A8E4C28F9F4FCCADF05B5F /* LTStringDiffResult.swift */ = {isa = PBXFileReference; name = "LTStringDiffResult.swift"; path = "bidchat-plugin-animations/LTMorphingLabel/LTStringDiffResult.swift"; sourceTree = "<group>"; fileEncoding = 4; lastKnownFileType = sourcecode.swift; explicitFileType = undefined; includeInIndex = 0; };
		C8D86430C59445D5BAD70984 /* FloatingHearts.h */ = {isa = PBXFileReference; name = "FloatingHearts.h"; path = "bidchat-plugin-animations/FloatingHearts/FloatingHearts.h"; sourceTree = "<group>"; fileEncoding = 4; lastKnownFileType = sourcecode.c.h; explicitFileType = undefined; includeInIndex = 0; };
		491C848E41BA4FF8BA32AE72 /* HeartView.swift */ = {isa = PBXFileReference; name = "HeartView.swift"; path = "bidchat-plugin-animations/FloatingHearts/HeartView.swift"; sourceTree = "<group>"; fileEncoding = 4; lastKnownFileType = sourcecode.swift; explicitFileType = undefined; includeInIndex = 0; };
		DF447245EE184398ACBB5B10 /* Helpers.swift */ = {isa = PBXFileReference; name = "Helpers.swift"; path = "bidchat-plugin-animations/FloatingHearts/Helpers.swift"; sourceTree = "<group>"; fileEncoding = 4; lastKnownFileType = sourcecode.swift; explicitFileType = undefined; includeInIndex = 0; };
		416535524CFD46B6A1F86999 /* heart.png */ = {isa = PBXFileReference; name = "heart.png"; path = "bidchat-plugin-animations/FloatingHearts/heart.png"; sourceTree = "<group>"; fileEncoding = undefined; lastKnownFileType = unknown; explicitFileType = undefined; includeInIndex = 0; };
		A1095FFCBD6B42DBB5730495 /* LTMorphingLabel.h */ = {isa = PBXFileReference; name = "LTMorphingLabel.h"; path = "bidchat-plugin-animations/LTMorphingLabel/LTMorphingLabel.h"; sourceTree = "<group>"; fileEncoding = 4; lastKnownFileType = sourcecode.c.h; explicitFileType = undefined; includeInIndex = 0; };
		147FBDDE28FB464D98B40B07 /* QuartzCore.framework */ = {isa = PBXFileReference; name = "QuartzCore.framework"; path = "System/Library/Frameworks/QuartzCore.framework"; sourceTree = SDKROOT; fileEncoding = undefined; lastKnownFileType = wrapper.framework; explicitFileType = undefined; includeInIndex = 0; };
/* End PBXFileReference section */

/* Begin PBXFrameworksBuildPhase section */
		1D60588F0D05DD3D006BFB54 /* Frameworks */ = {
			isa = PBXFrameworksBuildPhase;
			buildActionMask = 2147483647;
			files = (
				301BF552109A68D80062928A /* libCordova.a in Frameworks */,
				E77A897CE57C0A134E9AA27B /* libPods-BidchatAnimationPluginCheck.a in Frameworks */,
				BC13D568D0704DE3A9412A57 /* QuartzCore.framework in Frameworks */,
			);
			runOnlyForDeploymentPostprocessing = 0;
		};
/* End PBXFrameworksBuildPhase section */

/* Begin PBXGroup section */
		080E96DDFE201D6D7F000001 /* Classes */ = {
			isa = PBXGroup;
			children = (
				302D95EE14D2391D003F00A1 /* MainViewController.h */,
				302D95EF14D2391D003F00A1 /* MainViewController.m */,
				302D95F014D2391D003F00A1 /* MainViewController.xib */,
				1D3623240D0F684500981E51 /* AppDelegate.h */,
				1D3623250D0F684500981E51 /* AppDelegate.m */,
			);
			name = Classes;
			path = BidchatAnimationPluginCheck/Classes;
			sourceTree = SOURCE_ROOT;
		};
		19C28FACFE9D520D11CA2CBB /* Products */ = {
			isa = PBXGroup;
			children = (
				1D6058910D05DD3D006BFB54 /* BidchatAnimationPluginCheck.app */,
			);
			name = Products;
			sourceTree = "<group>";
		};
		29B97314FDCFA39411CA2CEA /* CustomTemplate */ = {
			isa = PBXGroup;
			children = (
				EB87FDF41871DAF40020F90C /* config.xml */,
				EB87FDF31871DA8E0020F90C /* www */,
				EB87FDF11871DA420020F90C /* Staging */,
				301BF52D109A57CC0062928A /* CordovaLib.xcodeproj */,
				080E96DDFE201D6D7F000001 /* Classes */,
				307C750510C5A3420062BCA9 /* Plugins */,
				29B97315FDCFA39411CA2CEA /* Other Sources */,
				29B97317FDCFA39411CA2CEA /* Resources */,
				29B97323FDCFA39411CA2CEA /* Frameworks */,
				19C28FACFE9D520D11CA2CBB /* Products */,
				C45EC5B83DF6E0395D8AF39E /* Pods */,
			);
			name = CustomTemplate;
			sourceTree = "<group>";
		};
		29B97315FDCFA39411CA2CEA /* Other Sources */ = {
			isa = PBXGroup;
			children = (
				32CA4F630368D1EE00C91783 /* BidchatAnimationPluginCheck-Prefix.pch */,
				29B97316FDCFA39411CA2CEA /* main.m */,
				ED33DF2A687741AEAF9F8254 /* Bridging-Header.h */,
			);
			name = "Other Sources";
			path = BidchatAnimationPluginCheck;
			sourceTree = "<group>";
		};
		29B97317FDCFA39411CA2CEA /* Resources */ = {
			isa = PBXGroup;
			children = (
				0207DA571B56EA530066E2B4 /* Images.xcassets */,
				3047A50E1AB8057F00498E2A /* config */,
				8D1107310486CEB800E47090 /* BidchatAnimationPluginCheck-Info.plist */,
				6AFF5BF81D6E424B00AB3073 /* CDVLaunchScreen.storyboard */,
			);
			name = Resources;
			path = BidchatAnimationPluginCheck/Resources;
			sourceTree = "<group>";
		};
		29B97323FDCFA39411CA2CEA /* Frameworks */ = {
			isa = PBXGroup;
			children = (
				CA7DB33D6724789F60C19F59 /* libPods-BidchatAnimationPluginCheck.a */,
				147FBDDE28FB464D98B40B07 /* QuartzCore.framework */,
			);
			name = Frameworks;
			sourceTree = "<group>";
		};
		301BF52E109A57CC0062928A /* Products */ = {
			isa = PBXGroup;
			children = (
				301BF535109A57CC0062928A /* libCordova.a */,
			);
			name = Products;
			sourceTree = "<group>";
		};
		3047A50E1AB8057F00498E2A /* config */ = {
			isa = PBXGroup;
			children = (
				3047A50F1AB8059700498E2A /* build-debug.xcconfig */,
				3047A5101AB8059700498E2A /* build-release.xcconfig */,
				3047A5111AB8059700498E2A /* build.xcconfig */,
			);
			name = config;
			sourceTree = "<group>";
		};
		307C750510C5A3420062BCA9 /* Plugins */ = {
			isa = PBXGroup;
			children = (
				B56A85AA18B6423B93CC0716 /* BidchatAnimations.m */,
				8919FCAF54E14675BE89094F /* email.png */,
				D7DEECAEC55F4DF0B4B07C9E /* facebook.png */,
				267D9B4B7C7B483EA304C732 /* google-plus.png */,
				D5AA0748E0C14CEBA5C530E3 /* instagram.png */,
				805A564460354823AC82E6CB /* messages.png */,
				2A500DA9F5094F88AF400852 /* twitter.png */,
				DD0716372149437EB3BB2132 /* CountdownLabel.swift */,
				9B1A3DEE4B4946C498882D8E /* Fire.png */,
				901873B0CC8D497280FCA4EA /* Fragment.png */,
				4207F4DFAA5B4F0284FAA68C /* Smoke.png */,
				BC67F2A80A05496D97096040 /* Sparkle.png */,
				F7EA6F28CD3448CC84154763 /* LTCharacterDiffResult.swift */,
				9760ACED8E60410EB1D1003E /* LTCharacterLimbo.swift */,
				417B49E74288412080143876 /* LTEasing.swift */,
				6BAB8A2501224A3DAACDCADC /* LTEmitterView.swift */,
				DA250E0186C44CC0888E45BE /* LTMorphingEffect.swift */,
				BFF067DFDB6D41C3AA256493 /* LTMorphingLabel.swift */,
				DF9546CECDD648BCACE5727D /* LTMorphingLabel+Anvil.swift */,
				BB7D407A55994598AD79E58B /* LTMorphingLabel+Burn.swift */,
				01EAD7ACFEFA4E7CA5BE71A7 /* LTMorphingLabel+Evaporate.swift */,
				B2851A7E59E14EB9AB01B48A /* LTMorphingLabel+Fall.swift */,
				BCDE8B10BED0469BBADE30AD /* LTMorphingLabel+Pixelate.swift */,
				FA0C707582654D35A8BAA0CC /* LTMorphingLabel+Sparkle.swift */,
				D7A8E4C28F9F4FCCADF05B5F /* LTStringDiffResult.swift */,
				C8D86430C59445D5BAD70984 /* FloatingHearts.h */,
				491C848E41BA4FF8BA32AE72 /* HeartView.swift */,
				DF447245EE184398ACBB5B10 /* Helpers.swift */,
				416535524CFD46B6A1F86999 /* heart.png */,
				A1095FFCBD6B42DBB5730495 /* LTMorphingLabel.h */,
			);
			name = Plugins;
			path = BidchatAnimationPluginCheck/Plugins;
			sourceTree = SOURCE_ROOT;
		};
		C45EC5B83DF6E0395D8AF39E /* Pods */ = {
			isa = PBXGroup;
			children = (
			);
			name = Pods;
			sourceTree = "<group>";
		};
		EB87FDF11871DA420020F90C /* Staging */ = {
			isa = PBXGroup;
			children = (
				F840E1F0165FE0F500CFE078 /* config.xml */,
				301BF56E109A69640062928A /* www */,
			);
			name = Staging;
			sourceTree = "<group>";
		};
/* End PBXGroup section */

/* Begin PBXNativeTarget section */
		1D6058900D05DD3D006BFB54 /* BidchatAnimationPluginCheck */ = {
			isa = PBXNativeTarget;
			buildConfigurationList = 1D6058960D05DD3E006BFB54 /* Build configuration list for PBXNativeTarget "BidchatAnimationPluginCheck" */;
			buildPhases = (
				9825D964D053D8999668B58C /* [CP] Check Pods Manifest.lock */,
				304B58A110DAC018002A0835 /* Copy www directory */,
				1D60588D0D05DD3D006BFB54 /* Resources */,
				1D60588E0D05DD3D006BFB54 /* Sources */,
				1D60588F0D05DD3D006BFB54 /* Frameworks */,
				3C9D3A559E51D0EF60092EC4 /* [CP] Embed Pods Frameworks */,
				79E281726D06A7B414A8556E /* [CP] Copy Pods Resources */,
			);
			buildRules = (
			);
			dependencies = (
				301BF551109A68C00062928A /* PBXTargetDependency */,
			);
			name = BidchatAnimationPluginCheck;
			productName = BidchatAnimationPluginCheck;
			productReference = 1D6058910D05DD3D006BFB54 /* BidchatAnimationPluginCheck.app */;
			productType = "com.apple.product-type.application";
		};
/* End PBXNativeTarget section */

/* Begin PBXProject section */
		29B97313FDCFA39411CA2CEA /* Project object */ = {
			isa = PBXProject;
			attributes = {
				LastUpgradeCheck = 510;
				TargetAttributes = {
					1D6058900D05DD3D006BFB54 = {
						DevelopmentTeam = 3553G4H8G3;
					};
				};
			};
			buildConfigurationList = C01FCF4E08A954540054247B /* Build configuration list for PBXProject "BidchatAnimationPluginCheck" */;
			compatibilityVersion = "Xcode 3.2";
			developmentRegion = English;
			hasScannedForEncodings = 1;
			knownRegions = (
				en,
			);
			mainGroup = 29B97314FDCFA39411CA2CEA /* CustomTemplate */;
			productRefGroup = 19C28FACFE9D520D11CA2CBB /* Products */;
			projectDirPath = "";
			projectReferences = (
				{
					ProductGroup = 301BF52E109A57CC0062928A /* Products */;
					ProjectRef = 301BF52D109A57CC0062928A /* CordovaLib.xcodeproj */;
				},
			);
			projectRoot = "";
			targets = (
				1D6058900D05DD3D006BFB54 /* BidchatAnimationPluginCheck */,
			);
		};
/* End PBXProject section */

/* Begin PBXReferenceProxy section */
		301BF535109A57CC0062928A /* libCordova.a */ = {
			isa = PBXReferenceProxy;
			fileType = archive.ar;
			path = libCordova.a;
			remoteRef = 301BF534109A57CC0062928A /* PBXContainerItemProxy */;
			sourceTree = BUILT_PRODUCTS_DIR;
		};
/* End PBXReferenceProxy section */

/* Begin PBXResourcesBuildPhase section */
		1D60588D0D05DD3D006BFB54 /* Resources */ = {
			isa = PBXResourcesBuildPhase;
			buildActionMask = 2147483647;
			files = (
				302D95F214D2391D003F00A1 /* MainViewController.xib in Resources */,
				0207DA581B56EA530066E2B4 /* Images.xcassets in Resources */,
				6AFF5BF91D6E424B00AB3073 /* CDVLaunchScreen.storyboard in Resources */,
			);
			runOnlyForDeploymentPostprocessing = 0;
		};
/* End PBXResourcesBuildPhase section */

/* Begin PBXShellScriptBuildPhase section */
		304B58A110DAC018002A0835 /* Copy www directory */ = {
			isa = PBXShellScriptBuildPhase;
			buildActionMask = 2147483647;
			files = (
			);
			inputPaths = (
			);
			name = "Copy www directory";
			outputPaths = (
			);
			runOnlyForDeploymentPostprocessing = 0;
			shellPath = /bin/sh;
			shellScript = "NODEJS_PATH=/usr/local/bin; NVM_NODE_PATH=~/.nvm/versions/node/`nvm version 2>/dev/null`/bin; N_NODE_PATH=`find /usr/local/n/versions/node/* -maxdepth 0 -type d 2>/dev/null | tail -1`/bin; XCODE_NODE_PATH=`xcode-select --print-path`/usr/share/xcs/Node/bin; PATH=$NODEJS_PATH:$NVM_NODE_PATH:$N_NODE_PATH:$XCODE_NODE_PATH:$PATH && node cordova/lib/copy-www-build-step.js";
			showEnvVarsInLog = 0;
		};
		3C9D3A559E51D0EF60092EC4 /* [CP] Embed Pods Frameworks */ = {
			isa = PBXShellScriptBuildPhase;
			buildActionMask = 2147483647;
			files = (
			);
			inputPaths = (
			);
			name = "[CP] Embed Pods Frameworks";
			outputPaths = (
			);
			runOnlyForDeploymentPostprocessing = 0;
			shellPath = /bin/sh;
			shellScript = "\"${SRCROOT}/Pods/Target Support Files/Pods-BidchatAnimationPluginCheck/Pods-BidchatAnimationPluginCheck-frameworks.sh\"\n";
			showEnvVarsInLog = 0;
		};
		79E281726D06A7B414A8556E /* [CP] Copy Pods Resources */ = {
			isa = PBXShellScriptBuildPhase;
			buildActionMask = 2147483647;
			files = (
			);
			inputPaths = (
			);
			name = "[CP] Copy Pods Resources";
			outputPaths = (
			);
			runOnlyForDeploymentPostprocessing = 0;
			shellPath = /bin/sh;
			shellScript = "\"${SRCROOT}/Pods/Target Support Files/Pods-BidchatAnimationPluginCheck/Pods-BidchatAnimationPluginCheck-resources.sh\"\n";
			showEnvVarsInLog = 0;
		};
		9825D964D053D8999668B58C /* [CP] Check Pods Manifest.lock */ = {
			isa = PBXShellScriptBuildPhase;
			buildActionMask = 2147483647;
			files = (
			);
			inputPaths = (
			);
			name = "[CP] Check Pods Manifest.lock";
			outputPaths = (
			);
			runOnlyForDeploymentPostprocessing = 0;
			shellPath = /bin/sh;
			shellScript = "diff \"${PODS_ROOT}/../Podfile.lock\" \"${PODS_ROOT}/Manifest.lock\" > /dev/null\nif [ $? != 0 ] ; then\n    # print error to STDERR\n    echo \"error: The sandbox is not in sync with the Podfile.lock. Run 'pod install' or update your CocoaPods installation.\" >&2\n    exit 1\nfi\n";
			showEnvVarsInLog = 0;
		};
/* End PBXShellScriptBuildPhase section */

/* Begin PBXSourcesBuildPhase section */
		1D60588E0D05DD3D006BFB54 /* Sources */ = {
			isa = PBXSourcesBuildPhase;
			buildActionMask = 2147483647;
			files = (
				1D60589B0D05DD56006BFB54 /* main.m in Sources */,
				1D3623260D0F684500981E51 /* AppDelegate.m in Sources */,
				302D95F114D2391D003F00A1 /* MainViewController.m in Sources */,
				6291ABD22CDC4959B159801E /* email.png in Sources */,
				B1B817E59EB242979EEB372C /* facebook.png in Sources */,
				9CE3803822504176AACD5A69 /* google-plus.png in Sources */,
				21C35DADC8B24628BCA90F4C /* instagram.png in Sources */,
				C3A82E4D0FF04E709AB8AD8D /* messages.png in Sources */,
				02A681CAEED94A87AFAB7A76 /* twitter.png in Sources */,
				1E87B49DCF244794ABBF2237 /* Fire.png in Sources */,
				DF3254D554784232BF2D9820 /* Fragment.png in Sources */,
				11721B9561EE43DB802EB05E /* Smoke.png in Sources */,
				5600D88980E344F69126BFFE /* Sparkle.png in Sources */,
				7B0D2CF50C9A4DE99B682894 /* BidchatAnimations.m in Sources */,
				C1AB82E75F414E5299C544B7 /* email.png in Resources */,
				3F4AE21ADA884D8B9D53CA8B /* facebook.png in Resources */,
				75D746C54F31495499C32EA0 /* google-plus.png in Resources */,
				267DD05DE4824EBB92D07DE8 /* instagram.png in Resources */,
				2DB637CC1DA44E52B186ED10 /* messages.png in Resources */,
				F9D105AF910A45278811C45F /* twitter.png in Resources */,
				2C110FAEFCB54929AC4B93BF /* CountdownLabel.swift in Sources */,
				B21793A66A314BD28F2D3300 /* Fire.png in Resources */,
				6062EC816B62410E81376683 /* Fragment.png in Resources */,
				826C79F2E1974836A22F3064 /* Smoke.png in Resources */,
				A02A2A9617EF4A0B8C5DE54F /* Sparkle.png in Resources */,
				484351D950CB439D9D6258B9 /* LTCharacterDiffResult.swift in Sources */,
				C27200E349E94BE783333A57 /* LTCharacterLimbo.swift in Sources */,
				CDA72A70551E483788D58F30 /* LTEasing.swift in Sources */,
				F34095D0C8D34C9093B16AC9 /* LTEmitterView.swift in Sources */,
				28D2023BE09749778A455440 /* LTMorphingEffect.swift in Sources */,
				65F8F1DC46E042CE8551D03C /* LTMorphingLabel.swift in Sources */,
				90325CA4B77B487F983CA3F1 /* LTMorphingLabel+Anvil.swift in Sources */,
				1A4C473528DF419EB4F2FC0A /* LTMorphingLabel+Burn.swift in Sources */,
				61BDE10FF02640478F2D03F3 /* LTMorphingLabel+Evaporate.swift in Sources */,
				52AF5B0487E640EB8A6663F2 /* LTMorphingLabel+Fall.swift in Sources */,
				6872B422EFCC4E45909B3FF5 /* LTMorphingLabel+Pixelate.swift in Sources */,
				FBFC961064854FD18D84B323 /* LTMorphingLabel+Sparkle.swift in Sources */,
				D0474AFA1ABF4E8B9F64D867 /* LTStringDiffResult.swift in Sources */,
				00B2C83D5028498FB3197634 /* FloatingHearts.h in Resources */,
				9AA34158B81940E5A259EC6B /* HeartView.swift in Sources */,
				6512A7A7632D49098FA32E0F /* Helpers.swift in Sources */,
				DA5E5CE11FCD49E3B615441B /* heart.png in Resources */,
			);
			runOnlyForDeploymentPostprocessing = 0;
		};
/* End PBXSourcesBuildPhase section */

/* Begin PBXTargetDependency section */
		301BF551109A68C00062928A /* PBXTargetDependency */ = {
			isa = PBXTargetDependency;
			name = CordovaLib;
			targetProxy = 301BF550109A68C00062928A /* PBXContainerItemProxy */;
		};
/* End PBXTargetDependency section */

/* Begin XCBuildConfiguration section */
		1D6058940D05DD3E006BFB54 /* Debug */ = {
			isa = XCBuildConfiguration;
			baseConfigurationReference = 3047A50F1AB8059700498E2A /* build-debug.xcconfig */;
			buildSettings = {
				ALWAYS_EMBED_SWIFT_STANDARD_LIBRARIES = YES;
				ALWAYS_SEARCH_USER_PATHS = NO;
				ASSETCATALOG_COMPILER_APPICON_NAME = AppIcon;
				ASSETCATALOG_COMPILER_LAUNCHIMAGE_NAME = LaunchImage;
				CLANG_ENABLE_MODULES = YES;
				CLANG_ENABLE_OBJC_ARC = YES;
				COPY_PHASE_STRIP = NO;
				DEFINES_MODULE = YES;
				DEVELOPMENT_TEAM = 3553G4H8G3;
				GCC_DYNAMIC_NO_PIC = NO;
				GCC_OPTIMIZATION_LEVEL = 0;
				GCC_PRECOMPILE_PREFIX_HEADER = YES;
				GCC_PREFIX_HEADER = "BidchatAnimationPluginCheck/BidchatAnimationPluginCheck-Prefix.pch";
				GCC_THUMB_SUPPORT = NO;
				GCC_VERSION = "";
				INFOPLIST_FILE = "BidchatAnimationPluginCheck/BidchatAnimationPluginCheck-Info.plist";
				IPHONEOS_DEPLOYMENT_TARGET = 8.0;
				LD_RUNPATH_SEARCH_PATHS = "@executable_path/Frameworks";
				PRODUCT_MODULE_NAME = BidchatiOSApp;
				PRODUCT_NAME = BidchatAnimationPluginCheck;
				SWIFT_OBJC_BRIDGING_HEADER = "$(PROJECT_DIR)/$(PROJECT_NAME)/Bridging-Header.h";
				SWIFT_VERSION = 2.3;
				TARGETED_DEVICE_FAMILY = "1,2";
			};
			name = Debug;
		};
		1D6058950D05DD3E006BFB54 /* Release */ = {
			isa = XCBuildConfiguration;
			baseConfigurationReference = 3047A5101AB8059700498E2A /* build-release.xcconfig */;
			buildSettings = {
				ALWAYS_EMBED_SWIFT_STANDARD_LIBRARIES = YES;
				ALWAYS_SEARCH_USER_PATHS = NO;
				ASSETCATALOG_COMPILER_APPICON_NAME = AppIcon;
				ASSETCATALOG_COMPILER_LAUNCHIMAGE_NAME = LaunchImage;
				CLANG_ENABLE_MODULES = YES;
				CLANG_ENABLE_OBJC_ARC = YES;
				COPY_PHASE_STRIP = YES;
				DEFINES_MODULE = YES;
				DEVELOPMENT_TEAM = 3553G4H8G3;
				GCC_PRECOMPILE_PREFIX_HEADER = YES;
				GCC_PREFIX_HEADER = "BidchatAnimationPluginCheck/BidchatAnimationPluginCheck-Prefix.pch";
				GCC_THUMB_SUPPORT = NO;
				GCC_VERSION = "";
				INFOPLIST_FILE = "BidchatAnimationPluginCheck/BidchatAnimationPluginCheck-Info.plist";
				IPHONEOS_DEPLOYMENT_TARGET = 8.0;
				LD_RUNPATH_SEARCH_PATHS = "@executable_path/Frameworks";
				PRODUCT_MODULE_NAME = BidchatiOSApp;
				PRODUCT_NAME = BidchatAnimationPluginCheck;
				SWIFT_OBJC_BRIDGING_HEADER = "$(PROJECT_DIR)/$(PROJECT_NAME)/Bridging-Header.h";
				SWIFT_VERSION = 2.3;
				TARGETED_DEVICE_FAMILY = "1,2";
			};
			name = Release;
		};
		C01FCF4F08A954540054247B /* Debug */ = {
			isa = XCBuildConfiguration;
			baseConfigurationReference = 3047A5111AB8059700498E2A /* build.xcconfig */;
			buildSettings = {
				ALWAYS_EMBED_SWIFT_STANDARD_LIBRARIES = YES;
				CLANG_ENABLE_MODULES = YES;
				CLANG_ENABLE_OBJC_ARC = YES;
				CLANG_WARN_BOOL_CONVERSION = YES;
				CLANG_WARN_CONSTANT_CONVERSION = YES;
				CLANG_WARN_EMPTY_BODY = YES;
				CLANG_WARN_ENUM_CONVERSION = YES;
				CLANG_WARN_INT_CONVERSION = YES;
				CLANG_WARN__DUPLICATE_METHOD_MATCH = YES;
				GCC_C_LANGUAGE_STANDARD = c99;
				GCC_THUMB_SUPPORT = NO;
				GCC_VERSION = "";
				GCC_WARN_ABOUT_RETURN_TYPE = YES;
				GCC_WARN_UNDECLARED_SELECTOR = YES;
				GCC_WARN_UNINITIALIZED_AUTOS = YES;
				GCC_WARN_UNUSED_FUNCTION = YES;
				GCC_WARN_UNUSED_VARIABLE = YES;
				ONLY_ACTIVE_ARCH = YES;
				SDKROOT = iphoneos;
				SKIP_INSTALL = NO;
				SWIFT_OBJC_BRIDGING_HEADER = "$(PROJECT_DIR)/$(PROJECT_NAME)/Bridging-Header.h";
				SWIFT_VERSION = 3.0;
			};
			name = Debug;
		};
		C01FCF5008A954540054247B /* Release */ = {
			isa = XCBuildConfiguration;
			baseConfigurationReference = 3047A5111AB8059700498E2A /* build.xcconfig */;
			buildSettings = {
				ALWAYS_EMBED_SWIFT_STANDARD_LIBRARIES = YES;
				CLANG_ENABLE_MODULES = YES;
				CLANG_ENABLE_OBJC_ARC = YES;
				CLANG_WARN_BOOL_CONVERSION = YES;
				CLANG_WARN_CONSTANT_CONVERSION = YES;
				CLANG_WARN_EMPTY_BODY = YES;
				CLANG_WARN_ENUM_CONVERSION = YES;
				CLANG_WARN_INT_CONVERSION = YES;
				CLANG_WARN__DUPLICATE_METHOD_MATCH = YES;
				GCC_C_LANGUAGE_STANDARD = c99;
				GCC_THUMB_SUPPORT = NO;
				GCC_VERSION = "";
				GCC_WARN_ABOUT_RETURN_TYPE = YES;
				GCC_WARN_UNDECLARED_SELECTOR = YES;
				GCC_WARN_UNINITIALIZED_AUTOS = YES;
				GCC_WARN_UNUSED_FUNCTION = YES;
				GCC_WARN_UNUSED_VARIABLE = YES;
				SDKROOT = iphoneos;
				SKIP_INSTALL = NO;
				SWIFT_OBJC_BRIDGING_HEADER = "$(PROJECT_DIR)/$(PROJECT_NAME)/Bridging-Header.h";
				SWIFT_VERSION = 3.0;
			};
			name = Release;
		};
/* End XCBuildConfiguration section */

/* Begin XCConfigurationList section */
		1D6058960D05DD3E006BFB54 /* Build configuration list for PBXNativeTarget "BidchatAnimationPluginCheck" */ = {
			isa = XCConfigurationList;
			buildConfigurations = (
				1D6058940D05DD3E006BFB54 /* Debug */,
				1D6058950D05DD3E006BFB54 /* Release */,
			);
			defaultConfigurationIsVisible = 0;
			defaultConfigurationName = Release;
		};
		C01FCF4E08A954540054247B /* Build configuration list for PBXProject "BidchatAnimationPluginCheck" */ = {
			isa = XCConfigurationList;
			buildConfigurations = (
				C01FCF4F08A954540054247B /* Debug */,
				C01FCF5008A954540054247B /* Release */,
			);
			defaultConfigurationIsVisible = 0;
			defaultConfigurationName = Release;
		};
/* End XCConfigurationList section */
	};
	rootObject = 29B97313FDCFA39411CA2CEA /* Project object */;
}
